{
  "version": 4,
  "terraform_version": "1.3.0",
  "serial": 102,
  "lineage": "b8d161a7-b65e-103e-fdb1-47fe1220ee64",
  "outputs": {},
  "resources": [
    {
      "module": "module.frontend",
      "mode": "managed",
      "type": "aws_s3_bucket",
      "name": "frontend",
      "provider": "provider[\"registry.terraform.io/hashicorp/aws\"]",
      "instances": [
        {
          "schema_version": 0,
          "attributes": {
            "acceleration_status": "",
            "acl": "private",
            "arn": "arn:aws:s3:::kiwetinohk-evacuation-app",
            "bucket": "kiwetinohk-evacuation-app",
            "bucket_domain_name": "kiwetinohk-evacuation-app.s3.amazonaws.com",
            "bucket_prefix": null,
            "bucket_regional_domain_name": "kiwetinohk-evacuation-app.s3.us-west-2.amazonaws.com",
            "cors_rule": [],
            "force_destroy": false,
            "grant": [
              {
                "id": "",
                "permissions": [
                  "READ"
                ],
                "type": "Group",
                "uri": "http://acs.amazonaws.com/groups/global/AllUsers"
              },
              {
                "id": "1397d0fa80edb6fc834694560e14b46e0f694bb7a93c22eee11a7792a5b538cf",
                "permissions": [
                  "FULL_CONTROL"
                ],
                "type": "CanonicalUser",
                "uri": ""
              }
            ],
            "hosted_zone_id": "Z3BJ6K6RIION7M",
            "id": "kiwetinohk-evacuation-app",
            "lifecycle_rule": [],
            "logging": [],
            "object_lock_configuration": [],
            "policy": "{\"Version\":\"2012-10-17\",\"Id\":\"bucket_policy_site\",\"Statement\":[{\"Sid\":\"bucket_policy_site_main\",\"Effect\":\"Allow\",\"Principal\":\"*\",\"Action\":\"s3:GetObject\",\"Resource\":\"arn:aws:s3:::kiwetinohk-evacuation-app/*\"}]}",
            "region": "us-west-2",
            "replication_configuration": [],
            "request_payer": "BucketOwner",
            "server_side_encryption_configuration": [
              {
                "rule": [
                  {
                    "apply_server_side_encryption_by_default": [
                      {
                        "kms_master_key_id": "",
                        "sse_algorithm": "AES256"
                      }
                    ],
                    "bucket_key_enabled": false
                  }
                ]
              }
            ],
            "tags": {},
            "tags_all": {},
            "versioning": [
              {
                "enabled": false,
                "mfa_delete": false
              }
            ],
            "website": [
              {
                "error_document": "index.html",
                "index_document": "index.html",
                "redirect_all_requests_to": "",
                "routing_rules": ""
              }
            ],
            "website_domain": "s3-website-us-west-2.amazonaws.com",
            "website_endpoint": "kiwetinohk-evacuation-app.s3-website-us-west-2.amazonaws.com"
          },
          "sensitive_attributes": [],
          "private": "bnVsbA=="
        }
      ]
    },
    {
      "module": "module.frontend",
      "mode": "managed",
      "type": "aws_s3_bucket_acl",
      "name": "acl",
      "provider": "provider[\"registry.terraform.io/hashicorp/aws\"]",
      "instances": [
        {
          "schema_version": 0,
          "attributes": {
            "access_control_policy": [
              {
                "grant": [
                  {
                    "grantee": [
                      {
                        "display_name": "",
                        "email_address": "",
                        "id": "",
                        "type": "Group",
                        "uri": "http://acs.amazonaws.com/groups/global/AllUsers"
                      }
                    ],
                    "permission": "READ"
                  },
                  {
                    "grantee": [
                      {
                        "display_name": "isaac.2962123",
                        "email_address": "",
                        "id": "1397d0fa80edb6fc834694560e14b46e0f694bb7a93c22eee11a7792a5b538cf",
                        "type": "CanonicalUser",
                        "uri": ""
                      }
                    ],
                    "permission": "FULL_CONTROL"
                  }
                ],
                "owner": [
                  {
                    "display_name": "isaac.2962123",
                    "id": "1397d0fa80edb6fc834694560e14b46e0f694bb7a93c22eee11a7792a5b538cf"
                  }
                ]
              }
            ],
            "acl": "public-read",
            "bucket": "kiwetinohk-evacuation-app",
            "expected_bucket_owner": "",
            "id": "kiwetinohk-evacuation-app,public-read"
          },
          "sensitive_attributes": [],
          "private": "bnVsbA==",
          "dependencies": [
            "module.frontend.aws_s3_bucket.frontend"
          ]
        }
      ]
    },
    {
      "module": "module.frontend",
      "mode": "managed",
      "type": "aws_s3_bucket_policy",
      "name": "policy",
      "provider": "provider[\"registry.terraform.io/hashicorp/aws\"]",
      "instances": [
        {
          "schema_version": 0,
          "attributes": {
            "bucket": "kiwetinohk-evacuation-app",
            "id": "kiwetinohk-evacuation-app",
            "policy": "{\"Id\":\"bucket_policy_site\",\"Statement\":[{\"Action\":[\"s3:GetObject\"],\"Effect\":\"Allow\",\"Principal\":\"*\",\"Resource\":\"arn:aws:s3:::kiwetinohk-evacuation-app/*\",\"Sid\":\"bucket_policy_site_main\"}],\"Version\":\"2012-10-17\"}"
          },
          "sensitive_attributes": [],
          "private": "bnVsbA==",
          "dependencies": [
            "module.frontend.aws_s3_bucket.frontend"
          ]
        }
      ]
    },
    {
      "module": "module.frontend",
      "mode": "managed",
      "type": "aws_s3_bucket_website_configuration",
      "name": "website_config",
      "provider": "provider[\"registry.terraform.io/hashicorp/aws\"]",
      "instances": [
        {
          "schema_version": 0,
          "attributes": {
            "bucket": "kiwetinohk-evacuation-app",
            "error_document": [
              {
                "key": "index.html"
              }
            ],
            "expected_bucket_owner": "",
            "id": "kiwetinohk-evacuation-app",
            "index_document": [
              {
                "suffix": "index.html"
              }
            ],
            "redirect_all_requests_to": [],
            "routing_rule": [],
            "website_domain": "s3-website-us-west-2.amazonaws.com",
            "website_endpoint": "kiwetinohk-evacuation-app.s3-website-us-west-2.amazonaws.com"
          },
          "sensitive_attributes": [],
          "private": "bnVsbA==",
          "dependencies": [
            "module.frontend.aws_s3_bucket.frontend"
          ]
        }
      ]
    },
    {
      "module": "module.pipeline",
      "mode": "managed",
      "type": "aws_s3_bucket",
      "name": "codepipeline_terraform_s3_bucket",
      "provider": "provider[\"registry.terraform.io/hashicorp/aws\"]",
      "instances": [
        {
          "schema_version": 0,
          "attributes": {
            "acceleration_status": "",
            "acl": "private",
            "arn": "arn:aws:s3:::codepipeline-terraform-s3-bucket",
            "bucket": "codepipeline-terraform-s3-bucket",
            "bucket_domain_name": "codepipeline-terraform-s3-bucket.s3.amazonaws.com",
            "bucket_prefix": null,
            "bucket_regional_domain_name": "codepipeline-terraform-s3-bucket.s3.us-west-2.amazonaws.com",
            "cors_rule": [],
            "force_destroy": false,
            "grant": [],
            "hosted_zone_id": "Z3BJ6K6RIION7M",
            "id": "codepipeline-terraform-s3-bucket",
            "lifecycle_rule": [],
            "logging": [],
            "object_lock_configuration": [],
            "policy": "",
            "region": "us-west-2",
            "replication_configuration": [],
            "request_payer": "BucketOwner",
            "server_side_encryption_configuration": [
              {
                "rule": [
                  {
                    "apply_server_side_encryption_by_default": [
                      {
                        "kms_master_key_id": "",
                        "sse_algorithm": "AES256"
                      }
                    ],
                    "bucket_key_enabled": false
                  }
                ]
              }
            ],
            "tags": {},
            "tags_all": {},
            "versioning": [
              {
                "enabled": false,
                "mfa_delete": false
              }
            ],
            "website": [],
            "website_domain": null,
            "website_endpoint": null
          },
          "sensitive_attributes": [],
          "private": "bnVsbA=="
        }
      ]
    },
    {
      "module": "module.pipeline",
      "mode": "managed",
      "type": "aws_s3_bucket_acl",
      "name": "codepipeline_terraform_bucket_acl",
      "provider": "provider[\"registry.terraform.io/hashicorp/aws\"]",
      "instances": [
        {
          "schema_version": 0,
          "attributes": {
            "access_control_policy": [
              {
                "grant": [
                  {
                    "grantee": [
                      {
                        "display_name": "isaac.2962123",
                        "email_address": "",
                        "id": "1397d0fa80edb6fc834694560e14b46e0f694bb7a93c22eee11a7792a5b538cf",
                        "type": "CanonicalUser",
                        "uri": ""
                      }
                    ],
                    "permission": "FULL_CONTROL"
                  }
                ],
                "owner": [
                  {
                    "display_name": "isaac.2962123",
                    "id": "1397d0fa80edb6fc834694560e14b46e0f694bb7a93c22eee11a7792a5b538cf"
                  }
                ]
              }
            ],
            "acl": "private",
            "bucket": "codepipeline-terraform-s3-bucket",
            "expected_bucket_owner": "",
            "id": "codepipeline-terraform-s3-bucket,private"
          },
          "sensitive_attributes": [],
          "private": "bnVsbA==",
          "dependencies": [
            "module.pipeline.aws_s3_bucket.codepipeline_terraform_s3_bucket"
          ]
        }
      ]
    },
    {
      "module": "module.pipeline.module.codebuild",
      "mode": "data",
      "type": "aws_iam_policy_document",
      "name": "codebuild_iam_policy_document",
      "provider": "provider[\"registry.terraform.io/hashicorp/aws\"]",
      "instances": [
        {
          "schema_version": 0,
          "attributes": {
            "id": "642125239",
            "json": "{\n  \"Version\": \"2012-10-17\",\n  \"Statement\": [\n    {\n      \"Sid\": \"\",\n      \"Effect\": \"Allow\",\n      \"Action\": [\n        \"logs:PutLogEvents\",\n        \"logs:CreateLogStream\",\n        \"logs:CreateLogGroup\"\n      ],\n      \"Resource\": [\n        \"arn:aws:logs:us-west-2:727665411536:log-group:codebuild:*\",\n        \"arn:aws:logs:us-west-2:727665411536:log-group:codebuild\"\n      ]\n    },\n    {\n      \"Sid\": \"\",\n      \"Effect\": \"Allow\",\n      \"Action\": [\n        \"codebuild:UpdateReport\",\n        \"codebuild:CreateReportGroup\",\n        \"codebuild:CreateReport\",\n        \"codebuild:BatchPutTestCases\",\n        \"codebuild:BatchPutCodeCoverages\"\n      ],\n      \"Resource\": \"*\"\n    },\n    {\n      \"Sid\": \"\",\n      \"Effect\": \"Allow\",\n      \"Action\": [\n        \"s3:PutObject\",\n        \"s3:GetObjectVersion\",\n        \"s3:GetObject\",\n        \"s3:GetBucketLocation\",\n        \"s3:GetBucketAcl\"\n      ],\n      \"Resource\": \"*\"\n    }\n  ]\n}",
            "override_json": null,
            "override_policy_documents": null,
            "policy_id": null,
            "source_json": null,
            "source_policy_documents": null,
            "statement": [
              {
                "actions": [
                  "logs:CreateLogGroup",
                  "logs:CreateLogStream",
                  "logs:PutLogEvents"
                ],
                "condition": [],
                "effect": "Allow",
                "not_actions": [],
                "not_principals": [],
                "not_resources": [],
                "principals": [],
                "resources": [
                  "arn:aws:logs:us-west-2:727665411536:log-group:codebuild",
                  "arn:aws:logs:us-west-2:727665411536:log-group:codebuild:*"
                ],
                "sid": ""
              },
              {
                "actions": [
                  "codebuild:BatchPutCodeCoverages",
                  "codebuild:BatchPutTestCases",
                  "codebuild:CreateReport",
                  "codebuild:CreateReportGroup",
                  "codebuild:UpdateReport"
                ],
                "condition": [],
                "effect": "Allow",
                "not_actions": [],
                "not_principals": [],
                "not_resources": [],
                "principals": [],
                "resources": [
                  "*"
                ],
                "sid": ""
              },
              {
                "actions": [
                  "s3:GetBucketAcl",
                  "s3:GetBucketLocation",
                  "s3:GetObject",
                  "s3:GetObjectVersion",
                  "s3:PutObject"
                ],
                "condition": [],
                "effect": "Allow",
                "not_actions": [],
                "not_principals": [],
                "not_resources": [],
                "principals": [],
                "resources": [
                  "*"
                ],
                "sid": ""
              }
            ],
            "version": "2012-10-17"
          },
          "sensitive_attributes": []
        }
      ]
    },
    {
      "module": "module.pipeline.module.codebuild",
      "mode": "managed",
      "type": "aws_cloudwatch_log_group",
      "name": "codebuild_terraform_pipeline_log_group",
      "provider": "provider[\"registry.terraform.io/hashicorp/aws\"]",
      "instances": [
        {
          "schema_version": 0,
          "attributes": {
            "arn": "arn:aws:logs:us-west-2:727665411536:log-group:codebuild",
            "id": "codebuild",
            "kms_key_id": "",
            "name": "codebuild",
            "name_prefix": null,
            "retention_in_days": 0,
            "tags": {},
            "tags_all": {}
          },
          "sensitive_attributes": [],
          "private": "bnVsbA=="
        }
      ]
    },
    {
      "module": "module.pipeline.module.codebuild",
      "mode": "managed",
      "type": "aws_cloudwatch_log_stream",
      "name": "codebuild_terraform_pipeline_stream",
      "provider": "provider[\"registry.terraform.io/hashicorp/aws\"]",
      "instances": [
        {
          "schema_version": 0,
          "attributes": {
            "arn": "arn:aws:logs:us-west-2:727665411536:log-group:codebuild:log-stream:codebuild",
            "id": "codebuild",
            "log_group_name": "codebuild",
            "name": "codebuild"
          },
          "sensitive_attributes": [],
          "private": "bnVsbA==",
          "dependencies": [
            "module.pipeline.module.codebuild.aws_cloudwatch_log_group.codebuild_terraform_pipeline_log_group"
          ]
        }
      ]
    },
    {
      "module": "module.pipeline.module.codebuild",
      "mode": "managed",
      "type": "aws_codebuild_project",
      "name": "CodeBuild_Project",
      "provider": "provider[\"registry.terraform.io/hashicorp/aws\"]",
      "instances": [
        {
          "schema_version": 0,
          "attributes": {
            "arn": "arn:aws:codebuild:us-west-2:727665411536:project/TestCodebuildProject",
            "artifacts": [
              {
                "artifact_identifier": "",
                "bucket_owner_access": "",
                "encryption_disabled": false,
                "location": "",
                "name": "TestCodebuildProject",
                "namespace_type": "",
                "override_artifact_name": false,
                "packaging": "NONE",
                "path": "",
                "type": "CODEPIPELINE"
              }
            ],
            "badge_enabled": false,
            "badge_url": "",
            "build_batch_config": [],
            "build_timeout": 60,
            "cache": [
              {
                "location": "",
                "modes": [],
                "type": "NO_CACHE"
              }
            ],
            "concurrent_build_limit": 0,
            "description": "",
            "encryption_key": "arn:aws:kms:us-west-2:727665411536:alias/aws/s3",
            "environment": [
              {
                "certificate": "",
                "compute_type": "BUILD_GENERAL1_SMALL",
                "environment_variable": [],
                "image": "aws/codebuild/standard:6.0",
                "image_pull_credentials_type": "CODEBUILD",
                "privileged_mode": true,
                "registry_credential": [],
                "type": "LINUX_CONTAINER"
              }
            ],
            "file_system_locations": [],
            "id": "arn:aws:codebuild:us-west-2:727665411536:project/TestCodebuildProject",
            "logs_config": [
              {
                "cloudwatch_logs": [
                  {
                    "group_name": "codebuild",
                    "status": "ENABLED",
                    "stream_name": "codebuild"
                  }
                ],
                "s3_logs": [
                  {
                    "bucket_owner_access": "",
                    "encryption_disabled": false,
                    "location": "",
                    "status": "DISABLED"
                  }
                ]
              }
            ],
            "name": "TestCodebuildProject",
            "project_visibility": "PRIVATE",
            "public_project_alias": "",
            "queued_timeout": 480,
            "resource_access_role": "",
            "secondary_artifacts": [],
            "secondary_source_version": [],
            "secondary_sources": [],
            "service_role": "arn:aws:iam::727665411536:role/CodebuildRole",
            "source": [
              {
                "auth": [],
                "build_status_config": [],
                "buildspec": "components/server/buildspec.yml",
                "git_clone_depth": 0,
                "git_submodules_config": [],
                "insecure_ssl": false,
                "location": "",
                "report_build_status": false,
                "type": "CODEPIPELINE"
              }
            ],
            "source_version": "",
            "tags": {},
            "tags_all": {},
            "vpc_config": []
          },
          "sensitive_attributes": [],
          "private": "bnVsbA==",
          "dependencies": [
            "module.pipeline.module.codebuild.aws_cloudwatch_log_group.codebuild_terraform_pipeline_log_group",
            "module.pipeline.module.codebuild.aws_cloudwatch_log_stream.codebuild_terraform_pipeline_stream",
            "module.pipeline.module.codebuild.aws_iam_role.codebuild_iam_role"
          ]
        }
      ]
    },
    {
      "module": "module.pipeline.module.codebuild",
      "mode": "managed",
      "type": "aws_iam_policy",
      "name": "codebuild_iam_policy",
      "provider": "provider[\"registry.terraform.io/hashicorp/aws\"]",
      "instances": [
        {
          "schema_version": 0,
          "attributes": {
            "arn": "arn:aws:iam::727665411536:policy/CodebuildIamPolicy",
            "description": "codebuild iam policy",
            "id": "arn:aws:iam::727665411536:policy/CodebuildIamPolicy",
            "name": "CodebuildIamPolicy",
            "name_prefix": null,
            "path": "/",
            "policy": "{\"Statement\":[{\"Action\":[\"logs:PutLogEvents\",\"logs:CreateLogStream\",\"logs:CreateLogGroup\"],\"Effect\":\"Allow\",\"Resource\":[\"arn:aws:logs:us-west-2:727665411536:log-group:codebuild:*\",\"arn:aws:logs:us-west-2:727665411536:log-group:codebuild\"],\"Sid\":\"\"},{\"Action\":[\"codebuild:UpdateReport\",\"codebuild:CreateReportGroup\",\"codebuild:CreateReport\",\"codebuild:BatchPutTestCases\",\"codebuild:BatchPutCodeCoverages\"],\"Effect\":\"Allow\",\"Resource\":\"*\",\"Sid\":\"\"},{\"Action\":[\"s3:PutObject\",\"s3:GetObjectVersion\",\"s3:GetObject\",\"s3:GetBucketLocation\",\"s3:GetBucketAcl\"],\"Effect\":\"Allow\",\"Resource\":\"*\",\"Sid\":\"\"}],\"Version\":\"2012-10-17\"}",
            "policy_id": "ANPA2S3B5AXIEXGRUKLUY",
            "tags": {},
            "tags_all": {}
          },
          "sensitive_attributes": [],
          "private": "bnVsbA==",
          "dependencies": [
            "module.pipeline.module.codebuild.data.aws_iam_policy_document.codebuild_iam_policy_document"
          ]
        }
      ]
    },
    {
      "module": "module.pipeline.module.codebuild",
      "mode": "managed",
      "type": "aws_iam_role",
      "name": "codebuild_iam_role",
      "provider": "provider[\"registry.terraform.io/hashicorp/aws\"]",
      "instances": [
        {
          "schema_version": 0,
          "attributes": {
            "arn": "arn:aws:iam::727665411536:role/CodebuildRole",
            "assume_role_policy": "{\"Version\":\"2012-10-17\",\"Statement\":[{\"Sid\":\"\",\"Effect\":\"Allow\",\"Principal\":{\"Service\":\"codebuild.amazonaws.com\"},\"Action\":\"sts:AssumeRole\"}]}",
            "create_date": "2023-03-26T21:41:01Z",
            "description": "role for codebuild",
            "force_detach_policies": false,
            "id": "CodebuildRole",
            "inline_policy": [
              {
                "name": "",
                "policy": ""
              }
            ],
            "managed_policy_arns": [
              "arn:aws:iam::727665411536:policy/CodebuildIamPolicy"
            ],
            "max_session_duration": 3600,
            "name": "CodebuildRole",
            "name_prefix": "",
            "path": "/",
            "permissions_boundary": null,
            "tags": {},
            "tags_all": {},
            "unique_id": "AROA2S3B5AXIMRHIXNHGA"
          },
          "sensitive_attributes": [],
          "private": "bnVsbA=="
        }
      ]
    },
    {
      "module": "module.pipeline.module.codebuild",
      "mode": "managed",
      "type": "aws_iam_role_policy_attachment",
      "name": "codebuild_iam_role_policy_attachment",
      "provider": "provider[\"registry.terraform.io/hashicorp/aws\"]",
      "instances": [
        {
          "schema_version": 0,
          "attributes": {
            "id": "CodebuildRole-20230326214105503200000005",
            "policy_arn": "arn:aws:iam::727665411536:policy/CodebuildIamPolicy",
            "role": "CodebuildRole"
          },
          "sensitive_attributes": [],
          "private": "bnVsbA==",
          "dependencies": [
            "module.pipeline.module.codebuild.aws_iam_policy.codebuild_iam_policy",
            "module.pipeline.module.codebuild.aws_iam_role.codebuild_iam_role",
            "module.pipeline.module.codebuild.data.aws_iam_policy_document.codebuild_iam_policy_document"
          ]
        }
      ]
    },
    {
      "module": "module.pipeline.module.codedeploy",
      "mode": "managed",
      "type": "aws_codedeploy_app",
      "name": "codedeploy_application",
      "provider": "provider[\"registry.terraform.io/hashicorp/aws\"]",
      "instances": [
        {
          "schema_version": 0,
          "attributes": {
            "application_id": "ef79263c-b5c7-49c8-9f78-48e803bcad24",
            "arn": "arn:aws:codedeploy:us-west-2:727665411536:application:TestCodedeployApplication",
            "compute_platform": "Server",
            "github_account_name": "",
            "id": "ef79263c-b5c7-49c8-9f78-48e803bcad24:TestCodedeployApplication",
            "linked_to_github": false,
            "name": "TestCodedeployApplication",
            "tags": {},
            "tags_all": {}
          },
          "sensitive_attributes": [],
          "private": "bnVsbA=="
        }
      ]
    },
    {
      "module": "module.pipeline.module.codedeploy",
      "mode": "managed",
      "type": "aws_codedeploy_deployment_group",
      "name": "codedeploy_deployment_group",
      "provider": "provider[\"registry.terraform.io/hashicorp/aws\"]",
      "instances": [
        {
          "schema_version": 0,
          "attributes": {
            "alarm_configuration": [],
            "app_name": "TestCodedeployApplication",
            "arn": "arn:aws:codedeploy:us-west-2:727665411536:deploymentgroup:TestCodedeployApplication/TestCodedeployDeploymentGroup",
            "auto_rollback_configuration": [
              {
                "enabled": true,
                "events": [
                  "DEPLOYMENT_FAILURE"
                ]
              }
            ],
            "autoscaling_groups": [],
            "blue_green_deployment_config": [],
            "compute_platform": "Server",
            "deployment_config_name": "CodeDeployDefault.OneAtATime",
            "deployment_group_id": "12abc3b5-6fe0-46d0-ba38-81eab97c5483",
            "deployment_group_name": "TestCodedeployDeploymentGroup",
            "deployment_style": [
              {
                "deployment_option": "WITHOUT_TRAFFIC_CONTROL",
                "deployment_type": "IN_PLACE"
              }
            ],
            "ec2_tag_filter": [],
            "ec2_tag_set": [
              {
                "ec2_tag_filter": [
                  {
                    "key": "Name",
                    "type": "KEY_AND_VALUE",
                    "value": "backend_0"
                  }
                ]
              }
            ],
            "ecs_service": [],
            "id": "12abc3b5-6fe0-46d0-ba38-81eab97c5483",
            "load_balancer_info": [],
            "on_premises_instance_tag_filter": [],
            "service_role_arn": "arn:aws:iam::727665411536:role/CodedeployRole",
            "tags": {},
            "tags_all": {},
            "trigger_configuration": []
          },
          "sensitive_attributes": [],
          "private": "bnVsbA==",
          "dependencies": [
            "module.pipeline.module.codedeploy.aws_codedeploy_app.codedeploy_application",
            "module.pipeline.module.codedeploy.aws_iam_role.codedeploy_iam_role",
            "module.server.aws_iam_instance_profile.ec2_krc_profile",
            "module.server.aws_iam_role.ec2_krc_iam_role",
            "module.server.aws_instance.backend",
            "module.server.aws_key_pair.tutorial_kp",
            "module.server.aws_security_group.backend_sg",
            "module.server.aws_subnet.public_subnet",
            "module.server.aws_vpc.evacuation_vpc",
            "module.server.data.aws_ami.ubuntu",
            "module.server.data.aws_availability_zones.available",
            "module.server.data.template_file.user_data"
          ]
        }
      ]
    },
    {
      "module": "module.pipeline.module.codedeploy",
      "mode": "managed",
      "type": "aws_iam_role",
      "name": "codedeploy_iam_role",
      "provider": "provider[\"registry.terraform.io/hashicorp/aws\"]",
      "instances": [
        {
          "schema_version": 0,
          "attributes": {
            "arn": "arn:aws:iam::727665411536:role/CodedeployRole",
            "assume_role_policy": "{\"Version\":\"2012-10-17\",\"Statement\":[{\"Sid\":\"\",\"Effect\":\"Allow\",\"Principal\":{\"Service\":\"codedeploy.amazonaws.com\"},\"Action\":\"sts:AssumeRole\"}]}",
            "create_date": "2023-03-26T21:41:01Z",
            "description": "role for codedeploy",
            "force_detach_policies": false,
            "id": "CodedeployRole",
            "inline_policy": [
              {
                "name": "",
                "policy": ""
              }
            ],
            "managed_policy_arns": [
              "arn:aws:iam::aws:policy/AmazonS3FullAccess",
              "arn:aws:iam::aws:policy/service-role/AWSCodeDeployRole"
            ],
            "max_session_duration": 3600,
            "name": "CodedeployRole",
            "name_prefix": "",
            "path": "/",
            "permissions_boundary": null,
            "tags": {},
            "tags_all": {},
            "unique_id": "AROA2S3B5AXIHRFXZRUDI"
          },
          "sensitive_attributes": [],
          "private": "bnVsbA=="
        }
      ]
    },
    {
      "module": "module.pipeline.module.codedeploy",
      "mode": "managed",
      "type": "aws_iam_role_policy_attachment",
      "name": "AWSCodeDeployRole",
      "provider": "provider[\"registry.terraform.io/hashicorp/aws\"]",
      "instances": [
        {
          "schema_version": 0,
          "attributes": {
            "id": "CodedeployRole-20230326214103558100000002",
            "policy_arn": "arn:aws:iam::aws:policy/service-role/AWSCodeDeployRole",
            "role": "CodedeployRole"
          },
          "sensitive_attributes": [],
          "private": "bnVsbA==",
          "dependencies": [
            "module.pipeline.module.codedeploy.aws_iam_role.codedeploy_iam_role"
          ]
        }
      ]
    },
    {
      "module": "module.pipeline.module.codedeploy",
      "mode": "managed",
      "type": "aws_iam_role_policy_attachment",
      "name": "AmazonS3FullAccess",
      "provider": "provider[\"registry.terraform.io/hashicorp/aws\"]",
      "instances": [
        {
          "schema_version": 0,
          "attributes": {
            "id": "CodedeployRole-20230326214103430300000001",
            "policy_arn": "arn:aws:iam::aws:policy/AmazonS3FullAccess",
            "role": "CodedeployRole"
          },
          "sensitive_attributes": [],
          "private": "bnVsbA==",
          "dependencies": [
            "module.pipeline.module.codedeploy.aws_iam_role.codedeploy_iam_role"
          ]
        }
      ]
    },
    {
      "module": "module.pipeline.module.codepipeline",
      "mode": "data",
      "type": "aws_iam_policy_document",
      "name": "codepipeline_iam_policy_document",
      "provider": "provider[\"registry.terraform.io/hashicorp/aws\"]",
      "instances": [
        {
          "schema_version": 0,
          "attributes": {
            "id": "686474170",
            "json": "{\n  \"Version\": \"2012-10-17\",\n  \"Statement\": [\n    {\n      \"Sid\": \"\",\n      \"Effect\": \"Allow\",\n      \"Action\": \"iam:PassRole\",\n      \"Resource\": \"*\",\n      \"Condition\": {\n        \"StringEqualsIfExists\": {\n          \"iam:PassedToService\": [\n            \"cloudformation.amazonaws.com\",\n            \"elasticbeanstalk.amazonaws.com\",\n            \"ec2.amazonaws.com\",\n            \"ecs-tasks.amazonaws.com\"\n          ]\n        }\n      }\n    },\n    {\n      \"Sid\": \"\",\n      \"Effect\": \"Allow\",\n      \"Action\": [\n        \"codecommit:UploadArchive\",\n        \"codecommit:GetUploadArchiveStatus\",\n        \"codecommit:GetRepository\",\n        \"codecommit:GetCommit\",\n        \"codecommit:GetBranch\",\n        \"codecommit:CancelUploadArchive\"\n      ],\n      \"Resource\": \"*\"\n    },\n    {\n      \"Sid\": \"\",\n      \"Effect\": \"Allow\",\n      \"Action\": [\n        \"codedeploy:RegisterApplicationRevision\",\n        \"codedeploy:GetDeploymentConfig\",\n        \"codedeploy:GetDeployment\",\n        \"codedeploy:GetApplicationRevision\",\n        \"codedeploy:GetApplication\",\n        \"codedeploy:CreateDeployment\"\n      ],\n      \"Resource\": \"*\"\n    },\n    {\n      \"Sid\": \"\",\n      \"Effect\": \"Allow\",\n      \"Action\": \"codestar-connections:UseConnection\",\n      \"Resource\": \"*\"\n    },\n    {\n      \"Sid\": \"\",\n      \"Effect\": \"Allow\",\n      \"Action\": [\n        \"sqs:*\",\n        \"sns:*\",\n        \"s3:*\",\n        \"rds:*\",\n        \"elasticloadbalancing:*\",\n        \"elasticbeanstalk:*\",\n        \"ecs:*\",\n        \"ec2:*\",\n        \"cloudwatch:*\",\n        \"cloudformation:*\",\n        \"autoscaling:*\"\n      ],\n      \"Resource\": \"*\"\n    },\n    {\n      \"Sid\": \"\",\n      \"Effect\": \"Allow\",\n      \"Action\": [\n        \"lambda:ListFunctions\",\n        \"lambda:InvokeFunction\"\n      ],\n      \"Resource\": \"*\"\n    },\n    {\n      \"Sid\": \"\",\n      \"Effect\": \"Allow\",\n      \"Action\": [\n        \"opsworks:UpdateStack\",\n        \"opsworks:UpdateApp\",\n        \"opsworks:DescribeStacks\",\n        \"opsworks:DescribeInstances\",\n        \"opsworks:DescribeDeployments\",\n        \"opsworks:DescribeCommands\",\n        \"opsworks:DescribeApps\",\n        \"opsworks:CreateDeployment\"\n      ],\n      \"Resource\": \"*\"\n    },\n    {\n      \"Sid\": \"\",\n      \"Effect\": \"Allow\",\n      \"Action\": [\n        \"cloudformation:ValidateTemplate\",\n        \"cloudformation:UpdateStack\",\n        \"cloudformation:SetStackPolicy\",\n        \"cloudformation:ExecuteChangeSet\",\n        \"cloudformation:DescribeStacks\",\n        \"cloudformation:DescribeChangeSet\",\n        \"cloudformation:DeleteStack\",\n        \"cloudformation:DeleteChangeSet\",\n        \"cloudformation:CreateStack\",\n        \"cloudformation:CreateChangeSet\"\n      ],\n      \"Resource\": \"*\"\n    },\n    {\n      \"Sid\": \"\",\n      \"Effect\": \"Allow\",\n      \"Action\": [\n        \"codebuild:StartBuildBatch\",\n        \"codebuild:StartBuild\",\n        \"codebuild:BatchGetBuilds\",\n        \"codebuild:BatchGetBuildBatches\"\n      ],\n      \"Resource\": \"*\"\n    },\n    {\n      \"Sid\": \"\",\n      \"Effect\": \"Allow\",\n      \"Action\": [\n        \"devicefarm:ScheduleRun\",\n        \"devicefarm:ListProjects\",\n        \"devicefarm:ListDevicePools\",\n        \"devicefarm:GetUpload\",\n        \"devicefarm:GetRun\",\n        \"devicefarm:CreateUpload\"\n      ],\n      \"Resource\": \"*\"\n    },\n    {\n      \"Sid\": \"\",\n      \"Effect\": \"Allow\",\n      \"Action\": [\n        \"servicecatalog:UpdateProduct\",\n        \"servicecatalog:ListProvisioningArtifacts\",\n        \"servicecatalog:DescribeProvisioningArtifact\",\n        \"servicecatalog:DeleteProvisioningArtifact\",\n        \"servicecatalog:CreateProvisioningArtifact\"\n      ],\n      \"Resource\": \"*\"\n    },\n    {\n      \"Sid\": \"\",\n      \"Effect\": \"Allow\",\n      \"Action\": \"cloudformation:ValidateTemplate\",\n      \"Resource\": \"*\"\n    },\n    {\n      \"Sid\": \"\",\n      \"Effect\": \"Allow\",\n      \"Action\": \"ecr:DescribeImages\",\n      \"Resource\": \"*\"\n    },\n    {\n      \"Sid\": \"\",\n      \"Effect\": \"Allow\",\n      \"Action\": [\n        \"states:StartExecution\",\n        \"states:DescribeStateMachine\",\n        \"states:DescribeExecution\"\n      ],\n      \"Resource\": \"*\"\n    },\n    {\n      \"Sid\": \"\",\n      \"Effect\": \"Allow\",\n      \"Action\": [\n        \"appconfig:StopDeployment\",\n        \"appconfig:StartDeployment\",\n        \"appconfig:GetDeployment\"\n      ],\n      \"Resource\": \"*\"\n    }\n  ]\n}",
            "override_json": null,
            "override_policy_documents": null,
            "policy_id": null,
            "source_json": null,
            "source_policy_documents": null,
            "statement": [
              {
                "actions": [
                  "iam:PassRole"
                ],
                "condition": [
                  {
                    "test": "StringEqualsIfExists",
                    "values": [
                      "cloudformation.amazonaws.com",
                      "elasticbeanstalk.amazonaws.com",
                      "ec2.amazonaws.com",
                      "ecs-tasks.amazonaws.com"
                    ],
                    "variable": "iam:PassedToService"
                  }
                ],
                "effect": "Allow",
                "not_actions": [],
                "not_principals": [],
                "not_resources": [],
                "principals": [],
                "resources": [
                  "*"
                ],
                "sid": ""
              },
              {
                "actions": [
                  "codecommit:CancelUploadArchive",
                  "codecommit:GetBranch",
                  "codecommit:GetCommit",
                  "codecommit:GetRepository",
                  "codecommit:GetUploadArchiveStatus",
                  "codecommit:UploadArchive"
                ],
                "condition": [],
                "effect": "Allow",
                "not_actions": [],
                "not_principals": [],
                "not_resources": [],
                "principals": [],
                "resources": [
                  "*"
                ],
                "sid": ""
              },
              {
                "actions": [
                  "codedeploy:CreateDeployment",
                  "codedeploy:GetApplication",
                  "codedeploy:GetApplicationRevision",
                  "codedeploy:GetDeployment",
                  "codedeploy:GetDeploymentConfig",
                  "codedeploy:RegisterApplicationRevision"
                ],
                "condition": [],
                "effect": "Allow",
                "not_actions": [],
                "not_principals": [],
                "not_resources": [],
                "principals": [],
                "resources": [
                  "*"
                ],
                "sid": ""
              },
              {
                "actions": [
                  "codestar-connections:UseConnection"
                ],
                "condition": [],
                "effect": "Allow",
                "not_actions": [],
                "not_principals": [],
                "not_resources": [],
                "principals": [],
                "resources": [
                  "*"
                ],
                "sid": ""
              },
              {
                "actions": [
                  "autoscaling:*",
                  "cloudformation:*",
                  "cloudwatch:*",
                  "ec2:*",
                  "ecs:*",
                  "elasticbeanstalk:*",
                  "elasticloadbalancing:*",
                  "rds:*",
                  "s3:*",
                  "sns:*",
                  "sqs:*"
                ],
                "condition": [],
                "effect": "Allow",
                "not_actions": [],
                "not_principals": [],
                "not_resources": [],
                "principals": [],
                "resources": [
                  "*"
                ],
                "sid": ""
              },
              {
                "actions": [
                  "lambda:InvokeFunction",
                  "lambda:ListFunctions"
                ],
                "condition": [],
                "effect": "Allow",
                "not_actions": [],
                "not_principals": [],
                "not_resources": [],
                "principals": [],
                "resources": [
                  "*"
                ],
                "sid": ""
              },
              {
                "actions": [
                  "opsworks:CreateDeployment",
                  "opsworks:DescribeApps",
                  "opsworks:DescribeCommands",
                  "opsworks:DescribeDeployments",
                  "opsworks:DescribeInstances",
                  "opsworks:DescribeStacks",
                  "opsworks:UpdateApp",
                  "opsworks:UpdateStack"
                ],
                "condition": [],
                "effect": "Allow",
                "not_actions": [],
                "not_principals": [],
                "not_resources": [],
                "principals": [],
                "resources": [
                  "*"
                ],
                "sid": ""
              },
              {
                "actions": [
                  "cloudformation:CreateChangeSet",
                  "cloudformation:CreateStack",
                  "cloudformation:DeleteChangeSet",
                  "cloudformation:DeleteStack",
                  "cloudformation:DescribeChangeSet",
                  "cloudformation:DescribeStacks",
                  "cloudformation:ExecuteChangeSet",
                  "cloudformation:SetStackPolicy",
                  "cloudformation:UpdateStack",
                  "cloudformation:ValidateTemplate"
                ],
                "condition": [],
                "effect": "Allow",
                "not_actions": [],
                "not_principals": [],
                "not_resources": [],
                "principals": [],
                "resources": [
                  "*"
                ],
                "sid": ""
              },
              {
                "actions": [
                  "codebuild:BatchGetBuildBatches",
                  "codebuild:BatchGetBuilds",
                  "codebuild:StartBuild",
                  "codebuild:StartBuildBatch"
                ],
                "condition": [],
                "effect": "Allow",
                "not_actions": [],
                "not_principals": [],
                "not_resources": [],
                "principals": [],
                "resources": [
                  "*"
                ],
                "sid": ""
              },
              {
                "actions": [
                  "devicefarm:CreateUpload",
                  "devicefarm:GetRun",
                  "devicefarm:GetUpload",
                  "devicefarm:ListDevicePools",
                  "devicefarm:ListProjects",
                  "devicefarm:ScheduleRun"
                ],
                "condition": [],
                "effect": "Allow",
                "not_actions": [],
                "not_principals": [],
                "not_resources": [],
                "principals": [],
                "resources": [
                  "*"
                ],
                "sid": ""
              },
              {
                "actions": [
                  "servicecatalog:CreateProvisioningArtifact",
                  "servicecatalog:DeleteProvisioningArtifact",
                  "servicecatalog:DescribeProvisioningArtifact",
                  "servicecatalog:ListProvisioningArtifacts",
                  "servicecatalog:UpdateProduct"
                ],
                "condition": [],
                "effect": "Allow",
                "not_actions": [],
                "not_principals": [],
                "not_resources": [],
                "principals": [],
                "resources": [
                  "*"
                ],
                "sid": ""
              },
              {
                "actions": [
                  "cloudformation:ValidateTemplate"
                ],
                "condition": [],
                "effect": "Allow",
                "not_actions": [],
                "not_principals": [],
                "not_resources": [],
                "principals": [],
                "resources": [
                  "*"
                ],
                "sid": ""
              },
              {
                "actions": [
                  "ecr:DescribeImages"
                ],
                "condition": [],
                "effect": "Allow",
                "not_actions": [],
                "not_principals": [],
                "not_resources": [],
                "principals": [],
                "resources": [
                  "*"
                ],
                "sid": ""
              },
              {
                "actions": [
                  "states:DescribeExecution",
                  "states:DescribeStateMachine",
                  "states:StartExecution"
                ],
                "condition": [],
                "effect": "Allow",
                "not_actions": [],
                "not_principals": [],
                "not_resources": [],
                "principals": [],
                "resources": [
                  "*"
                ],
                "sid": ""
              },
              {
                "actions": [
                  "appconfig:GetDeployment",
                  "appconfig:StartDeployment",
                  "appconfig:StopDeployment"
                ],
                "condition": [],
                "effect": "Allow",
                "not_actions": [],
                "not_principals": [],
                "not_resources": [],
                "principals": [],
                "resources": [
                  "*"
                ],
                "sid": ""
              }
            ],
            "version": "2012-10-17"
          },
          "sensitive_attributes": []
        }
      ]
    },
    {
      "module": "module.pipeline.module.codepipeline",
      "mode": "managed",
      "type": "aws_codepipeline",
      "name": "pipeline",
      "provider": "provider[\"registry.terraform.io/hashicorp/aws\"]",
      "instances": [
        {
          "schema_version": 0,
          "attributes": {
            "arn": "arn:aws:codepipeline:us-west-2:727665411536:TestPipeline",
            "artifact_store": [
              {
                "encryption_key": [],
                "location": "codepipeline-terraform-s3-bucket",
                "region": "",
                "type": "S3"
              }
            ],
            "id": "TestPipeline",
            "name": "TestPipeline",
            "role_arn": "arn:aws:iam::727665411536:role/CodepipelineRole",
            "stage": [
              {
                "action": [
                  {
                    "category": "Source",
                    "configuration": {
                      "BranchName": "master",
                      "ConnectionArn": "arn:aws:codestar-connections:us-west-2:727665411536:connection/0fce82bf-28ab-4fe3-94a3-716c890d1267",
                      "FullRepositoryId": "isaacparsons/EvacuationApp"
                    },
                    "input_artifacts": [],
                    "name": "Source",
                    "namespace": "",
                    "output_artifacts": [
                      "source_output"
                    ],
                    "owner": "AWS",
                    "provider": "CodeStarSourceConnection",
                    "region": "",
                    "role_arn": "",
                    "run_order": 1,
                    "version": "1"
                  }
                ],
                "name": "Source"
              },
              {
                "action": [
                  {
                    "category": "Build",
                    "configuration": {
                      "ProjectName": "TestCodebuildProject"
                    },
                    "input_artifacts": [
                      "source_output"
                    ],
                    "name": "Build",
                    "namespace": "",
                    "output_artifacts": [
                      "build_output"
                    ],
                    "owner": "AWS",
                    "provider": "CodeBuild",
                    "region": "",
                    "role_arn": "",
                    "run_order": 1,
                    "version": "1"
                  }
                ],
                "name": "Build"
              },
              {
                "action": [
                  {
                    "category": "Approval",
                    "configuration": {},
                    "input_artifacts": [],
                    "name": "Manual-Approval",
                    "namespace": "",
                    "output_artifacts": [],
                    "owner": "AWS",
                    "provider": "Manual",
                    "region": "",
                    "role_arn": "",
                    "run_order": 1,
                    "version": "1"
                  }
                ],
                "name": "Manual_Approval"
              },
              {
                "action": [
                  {
                    "category": "Deploy",
                    "configuration": {
                      "ApplicationName": "TestCodedeployApplication",
                      "DeploymentGroupName": "TestCodedeployDeploymentGroup"
                    },
                    "input_artifacts": [
                      "build_output"
                    ],
                    "name": "Deploy",
                    "namespace": "",
                    "output_artifacts": [],
                    "owner": "AWS",
                    "provider": "CodeDeploy",
                    "region": "",
                    "role_arn": "",
                    "run_order": 1,
                    "version": "1"
                  }
                ],
                "name": "Deploy"
              }
            ],
            "tags": {},
            "tags_all": {}
          },
          "sensitive_attributes": [],
          "private": "bnVsbA==",
          "dependencies": [
            "module.pipeline.aws_s3_bucket.codepipeline_terraform_s3_bucket",
            "module.pipeline.module.codepipeline.aws_iam_role.codepipeline_iam_role",
            "module.pipeline.module.codestar.aws_codestarconnections_connection.github_codepipeline"
          ]
        }
      ]
    },
    {
      "module": "module.pipeline.module.codepipeline",
      "mode": "managed",
      "type": "aws_iam_policy",
      "name": "codepipeline_iam_policy",
      "provider": "provider[\"registry.terraform.io/hashicorp/aws\"]",
      "instances": [
        {
          "schema_version": 0,
          "attributes": {
            "arn": "arn:aws:iam::727665411536:policy/CodepipelineIamPolicy",
            "description": "codepipeline iam policy",
            "id": "arn:aws:iam::727665411536:policy/CodepipelineIamPolicy",
            "name": "CodepipelineIamPolicy",
            "name_prefix": null,
            "path": "/",
            "policy": "{\"Statement\":[{\"Action\":\"iam:PassRole\",\"Condition\":{\"StringEqualsIfExists\":{\"iam:PassedToService\":[\"cloudformation.amazonaws.com\",\"elasticbeanstalk.amazonaws.com\",\"ec2.amazonaws.com\",\"ecs-tasks.amazonaws.com\"]}},\"Effect\":\"Allow\",\"Resource\":\"*\",\"Sid\":\"\"},{\"Action\":[\"codecommit:UploadArchive\",\"codecommit:GetUploadArchiveStatus\",\"codecommit:GetRepository\",\"codecommit:GetCommit\",\"codecommit:GetBranch\",\"codecommit:CancelUploadArchive\"],\"Effect\":\"Allow\",\"Resource\":\"*\",\"Sid\":\"\"},{\"Action\":[\"codedeploy:RegisterApplicationRevision\",\"codedeploy:GetDeploymentConfig\",\"codedeploy:GetDeployment\",\"codedeploy:GetApplicationRevision\",\"codedeploy:GetApplication\",\"codedeploy:CreateDeployment\"],\"Effect\":\"Allow\",\"Resource\":\"*\",\"Sid\":\"\"},{\"Action\":\"codestar-connections:UseConnection\",\"Effect\":\"Allow\",\"Resource\":\"*\",\"Sid\":\"\"},{\"Action\":[\"sqs:*\",\"sns:*\",\"s3:*\",\"rds:*\",\"elasticloadbalancing:*\",\"elasticbeanstalk:*\",\"ecs:*\",\"ec2:*\",\"cloudwatch:*\",\"cloudformation:*\",\"autoscaling:*\"],\"Effect\":\"Allow\",\"Resource\":\"*\",\"Sid\":\"\"},{\"Action\":[\"lambda:ListFunctions\",\"lambda:InvokeFunction\"],\"Effect\":\"Allow\",\"Resource\":\"*\",\"Sid\":\"\"},{\"Action\":[\"opsworks:UpdateStack\",\"opsworks:UpdateApp\",\"opsworks:DescribeStacks\",\"opsworks:DescribeInstances\",\"opsworks:DescribeDeployments\",\"opsworks:DescribeCommands\",\"opsworks:DescribeApps\",\"opsworks:CreateDeployment\"],\"Effect\":\"Allow\",\"Resource\":\"*\",\"Sid\":\"\"},{\"Action\":[\"cloudformation:ValidateTemplate\",\"cloudformation:UpdateStack\",\"cloudformation:SetStackPolicy\",\"cloudformation:ExecuteChangeSet\",\"cloudformation:DescribeStacks\",\"cloudformation:DescribeChangeSet\",\"cloudformation:DeleteStack\",\"cloudformation:DeleteChangeSet\",\"cloudformation:CreateStack\",\"cloudformation:CreateChangeSet\"],\"Effect\":\"Allow\",\"Resource\":\"*\",\"Sid\":\"\"},{\"Action\":[\"codebuild:StartBuildBatch\",\"codebuild:StartBuild\",\"codebuild:BatchGetBuilds\",\"codebuild:BatchGetBuildBatches\"],\"Effect\":\"Allow\",\"Resource\":\"*\",\"Sid\":\"\"},{\"Action\":[\"devicefarm:ScheduleRun\",\"devicefarm:ListProjects\",\"devicefarm:ListDevicePools\",\"devicefarm:GetUpload\",\"devicefarm:GetRun\",\"devicefarm:CreateUpload\"],\"Effect\":\"Allow\",\"Resource\":\"*\",\"Sid\":\"\"},{\"Action\":[\"servicecatalog:UpdateProduct\",\"servicecatalog:ListProvisioningArtifacts\",\"servicecatalog:DescribeProvisioningArtifact\",\"servicecatalog:DeleteProvisioningArtifact\",\"servicecatalog:CreateProvisioningArtifact\"],\"Effect\":\"Allow\",\"Resource\":\"*\",\"Sid\":\"\"},{\"Action\":\"cloudformation:ValidateTemplate\",\"Effect\":\"Allow\",\"Resource\":\"*\",\"Sid\":\"\"},{\"Action\":\"ecr:DescribeImages\",\"Effect\":\"Allow\",\"Resource\":\"*\",\"Sid\":\"\"},{\"Action\":[\"states:StartExecution\",\"states:DescribeStateMachine\",\"states:DescribeExecution\"],\"Effect\":\"Allow\",\"Resource\":\"*\",\"Sid\":\"\"},{\"Action\":[\"appconfig:StopDeployment\",\"appconfig:StartDeployment\",\"appconfig:GetDeployment\"],\"Effect\":\"Allow\",\"Resource\":\"*\",\"Sid\":\"\"}],\"Version\":\"2012-10-17\"}",
            "policy_id": "ANPA2S3B5AXIMZLZIYEHA",
            "tags": {},
            "tags_all": {}
          },
          "sensitive_attributes": [],
          "private": "bnVsbA==",
          "dependencies": [
            "module.pipeline.module.codepipeline.data.aws_iam_policy_document.codepipeline_iam_policy_document"
          ]
        }
      ]
    },
    {
      "module": "module.pipeline.module.codepipeline",
      "mode": "managed",
      "type": "aws_iam_role",
      "name": "codepipeline_iam_role",
      "provider": "provider[\"registry.terraform.io/hashicorp/aws\"]",
      "instances": [
        {
          "schema_version": 0,
          "attributes": {
            "arn": "arn:aws:iam::727665411536:role/CodepipelineRole",
            "assume_role_policy": "{\"Version\":\"2012-10-17\",\"Statement\":[{\"Sid\":\"\",\"Effect\":\"Allow\",\"Principal\":{\"Service\":[\"lambda.amazonaws.com\",\"codepipeline.amazonaws.com\",\"cloudformation.amazonaws.com\",\"codebuild.amazonaws.com\"]},\"Action\":\"sts:AssumeRole\"}]}",
            "create_date": "2023-03-26T21:41:01Z",
            "description": "role for codepipeline",
            "force_detach_policies": false,
            "id": "CodepipelineRole",
            "inline_policy": [
              {
                "name": "",
                "policy": ""
              }
            ],
            "managed_policy_arns": [
              "arn:aws:iam::727665411536:policy/CodepipelineIamPolicy"
            ],
            "max_session_duration": 3600,
            "name": "CodepipelineRole",
            "name_prefix": "",
            "path": "/",
            "permissions_boundary": null,
            "tags": {},
            "tags_all": {},
            "unique_id": "AROA2S3B5AXIDINRJCD3W"
          },
          "sensitive_attributes": [],
          "private": "bnVsbA=="
        }
      ]
    },
    {
      "module": "module.pipeline.module.codepipeline",
      "mode": "managed",
      "type": "aws_iam_role_policy_attachment",
      "name": "codepipeline_iam_role_policy_attachment",
      "provider": "provider[\"registry.terraform.io/hashicorp/aws\"]",
      "instances": [
        {
          "schema_version": 0,
          "attributes": {
            "id": "CodepipelineRole-20230326214103652100000003",
            "policy_arn": "arn:aws:iam::727665411536:policy/CodepipelineIamPolicy",
            "role": "CodepipelineRole"
          },
          "sensitive_attributes": [],
          "private": "bnVsbA==",
          "dependencies": [
            "module.pipeline.module.codepipeline.aws_iam_policy.codepipeline_iam_policy",
            "module.pipeline.module.codepipeline.aws_iam_role.codepipeline_iam_role",
            "module.pipeline.module.codepipeline.data.aws_iam_policy_document.codepipeline_iam_policy_document"
          ]
        }
      ]
    },
    {
      "module": "module.pipeline.module.codestar",
      "mode": "managed",
      "type": "aws_codestarconnections_connection",
      "name": "github_codepipeline",
      "provider": "provider[\"registry.terraform.io/hashicorp/aws\"]",
      "instances": [
        {
          "schema_version": 0,
          "attributes": {
            "arn": "arn:aws:codestar-connections:us-west-2:727665411536:connection/0fce82bf-28ab-4fe3-94a3-716c890d1267",
            "connection_status": "PENDING",
            "host_arn": "",
            "id": "arn:aws:codestar-connections:us-west-2:727665411536:connection/0fce82bf-28ab-4fe3-94a3-716c890d1267",
            "name": "github-codepipeline",
            "provider_type": "GitHub",
            "tags": {},
            "tags_all": {}
          },
          "sensitive_attributes": [],
          "private": "bnVsbA=="
        }
      ]
    },
    {
      "module": "module.server",
      "mode": "data",
      "type": "aws_ami",
      "name": "ubuntu",
      "provider": "provider[\"registry.terraform.io/hashicorp/aws\"]",
      "instances": [
        {
          "schema_version": 0,
          "attributes": {
            "architecture": "x86_64",
            "arn": "arn:aws:ec2:us-west-2::image/ami-07f3835078238cf5f",
            "block_device_mappings": [
              {
                "device_name": "/dev/sda1",
                "ebs": {
                  "delete_on_termination": "true",
                  "encrypted": "false",
                  "iops": "0",
                  "snapshot_id": "snap-0e43a7b8bc1d158cb",
                  "throughput": "0",
                  "volume_size": "8",
                  "volume_type": "gp2"
                },
                "no_device": "",
                "virtual_name": ""
              },
              {
                "device_name": "/dev/sdb",
                "ebs": {},
                "no_device": "",
                "virtual_name": "ephemeral0"
              },
              {
                "device_name": "/dev/sdc",
                "ebs": {},
                "no_device": "",
                "virtual_name": "ephemeral1"
              }
            ],
            "boot_mode": "legacy-bios",
            "creation_date": "2023-03-22T23:20:33.000Z",
            "description": "Canonical, Ubuntu, 20.04 LTS, amd64 focal image build on 2023-03-22",
            "ena_support": true,
            "executable_users": null,
            "filter": [
              {
                "name": "name",
                "values": [
                  "ubuntu/images/hvm-ssd/ubuntu-focal-20.04-amd64-server-*"
                ]
              },
              {
                "name": "virtualization-type",
                "values": [
                  "hvm"
                ]
              }
            ],
            "hypervisor": "xen",
            "id": "ami-07f3835078238cf5f",
            "image_id": "ami-07f3835078238cf5f",
            "image_location": "amazon/ubuntu/images/hvm-ssd/ubuntu-focal-20.04-amd64-server-20230322",
            "image_owner_alias": "amazon",
            "image_type": "machine",
            "kernel_id": null,
            "most_recent": true,
            "name": "ubuntu/images/hvm-ssd/ubuntu-focal-20.04-amd64-server-20230322",
            "name_regex": null,
            "owner_id": "099720109477",
            "owners": [
              "099720109477"
            ],
            "platform": null,
            "platform_details": "Linux/UNIX",
            "product_codes": [],
            "public": true,
            "ramdisk_id": null,
            "root_device_name": "/dev/sda1",
            "root_device_type": "ebs",
            "root_snapshot_id": "snap-0e43a7b8bc1d158cb",
            "sriov_net_support": "simple",
            "state": "available",
            "state_reason": {
              "code": "UNSET",
              "message": "UNSET"
            },
            "tags": {},
            "usage_operation": "RunInstances",
            "virtualization_type": "hvm"
          },
          "sensitive_attributes": []
        }
      ]
    },
    {
      "module": "module.server",
      "mode": "data",
      "type": "aws_availability_zones",
      "name": "available",
      "provider": "provider[\"registry.terraform.io/hashicorp/aws\"]",
      "instances": [
        {
          "schema_version": 0,
          "attributes": {
            "all_availability_zones": null,
            "exclude_names": null,
            "exclude_zone_ids": null,
            "filter": null,
            "group_names": [
              "us-west-2"
            ],
            "id": "us-west-2",
            "names": [
              "us-west-2a",
              "us-west-2b",
              "us-west-2c",
              "us-west-2d"
            ],
            "state": "available",
            "zone_ids": [
              "usw2-az2",
              "usw2-az1",
              "usw2-az3",
              "usw2-az4"
            ]
          },
          "sensitive_attributes": []
        }
      ]
    },
    {
      "module": "module.server",
      "mode": "data",
      "type": "aws_iam_policy_document",
      "name": "ec2_krc_iam_policy_document",
      "provider": "provider[\"registry.terraform.io/hashicorp/aws\"]",
      "instances": [
        {
          "schema_version": 0,
          "attributes": {
            "id": "3077324010",
            "json": "{\n  \"Version\": \"2012-10-17\",\n  \"Statement\": [\n    {\n      \"Sid\": \"\",\n      \"Effect\": \"Allow\",\n      \"Action\": [\n        \"logs:PutLogEvents\",\n        \"logs:DescribeLogStreams\",\n        \"logs:DescribeLogGroups\",\n        \"logs:CreateLogStream\",\n        \"logs:CreateLogGroup\",\n        \"ec2:DescribeVolumes\",\n        \"ec2:DescribeTags\",\n        \"cloudwatch:PutMetricData\"\n      ],\n      \"Resource\": \"*\"\n    },\n    {\n      \"Sid\": \"allowListBucket\",\n      \"Effect\": \"Allow\",\n      \"Action\": \"ssm:GetParameter\",\n      \"Resource\": \"arn:aws:ssm:*:*:parameter/AmazonCloudWatch-*\"\n    },\n    {\n      \"Sid\": \"\",\n      \"Effect\": \"Allow\",\n      \"Action\": [\n        \"s3:*\",\n        \"s3-object-lambda:*\"\n      ],\n      \"Resource\": \"*\"\n    }\n  ]\n}",
            "override_json": null,
            "override_policy_documents": null,
            "policy_id": null,
            "source_json": null,
            "source_policy_documents": null,
            "statement": [
              {
                "actions": [
                  "cloudwatch:PutMetricData",
                  "ec2:DescribeTags",
                  "ec2:DescribeVolumes",
                  "logs:CreateLogGroup",
                  "logs:CreateLogStream",
                  "logs:DescribeLogGroups",
                  "logs:DescribeLogStreams",
                  "logs:PutLogEvents"
                ],
                "condition": [],
                "effect": "Allow",
                "not_actions": [],
                "not_principals": [],
                "not_resources": [],
                "principals": [],
                "resources": [
                  "*"
                ],
                "sid": ""
              },
              {
                "actions": [
                  "ssm:GetParameter"
                ],
                "condition": [],
                "effect": "Allow",
                "not_actions": [],
                "not_principals": [],
                "not_resources": [],
                "principals": [],
                "resources": [
                  "arn:aws:ssm:*:*:parameter/AmazonCloudWatch-*"
                ],
                "sid": "allowListBucket"
              },
              {
                "actions": [
                  "s3-object-lambda:*",
                  "s3:*"
                ],
                "condition": [],
                "effect": "Allow",
                "not_actions": [],
                "not_principals": [],
                "not_resources": [],
                "principals": [],
                "resources": [
                  "*"
                ],
                "sid": ""
              }
            ],
            "version": "2012-10-17"
          },
          "sensitive_attributes": []
        }
      ]
    },
    {
      "module": "module.server",
      "mode": "data",
      "type": "template_file",
      "name": "user_data",
      "provider": "provider[\"registry.terraform.io/hashicorp/template\"]",
      "instances": [
        {
          "schema_version": 0,
          "attributes": {
            "filename": null,
            "id": "9a9a50790c004a35dc73ac6b16f25faf3649d2352478823fa0314d6257974dcb",
            "rendered": "Content-Type: multipart/mixed; boundary=\"==BOUNDARY==\"\nMIME-Version: 1.0\n\n--==BOUNDARY==\nContent-Type: text/x-shellscript; charset=\"us-ascii\"\n#!/bin/bash\n\n# Install node\ncurl -fsSL https://deb.nodesource.com/setup_16.x | sudo -E bash - \u0026\u0026\\\nsudo apt-get install -y nodejs\n\n# Install git\nsudo apt-get install git\n\ncd /home/ubuntu/\n\n# Install Cloudwatch agent\nwget https://s3.amazonaws.com/amazoncloudwatch-agent/ubuntu/amd64/latest/amazon-cloudwatch-agent.deb\n\nsudo dpkg -i -E ./amazon-cloudwatch-agent.deb\n\n\n# Write Cloudwatch agent configuration file\nsudo chmod 777 /opt/aws/amazon-cloudwatch-agent/bin\nsudo cat \u003e\u003e /opt/aws/amazon-cloudwatch-agent/bin/config.json \u003c\u003cEOF\n{\n  \"agent\": {\n    \"run_as_user\": \"cwagent\"\n  },\n  \"logs\": {\n    \"logs_collected\": {\n      \"files\": {\n        \"collect_list\": [\n          {\n            \"file_path\": \"/home/ubuntu/EvacuationApp/components/server/logs/logs.log\",\n            \"log_group_name\": \"logs.log\",\n            \"log_stream_name\": \"{instance_id}\",\n            \"retention_in_days\": 14\n          }\n        ]\n      }\n    }\n  }\n}\nEOF\n\n# Start Cloudwatch agent\nsudo /opt/aws/amazon-cloudwatch-agent/bin/amazon-cloudwatch-agent-ctl -a fetch-config -m ec2 -s -c file:/opt/aws/amazon-cloudwatch-agent/bin/config.json\n\n# Install codedeploy agent\nsudo apt-get update\nsudo apt-get install ruby-full -y\nsudo apt-get install wget\ncd /home/ubuntu\nwget https://aws-codedeploy-us-west-2.s3.us-west-2.amazonaws.com/latest/install\nchmod +x ./install\nsudo ./install auto \u003e /tmp/logfile\n\n# Install pm2\nsudo npm install pm2@latest -g\n\n# install aws cli\ncurl \"https://awscli.amazonaws.com/awscli-exe-linux-x86_64.zip\" -o \"awscliv2.zip\"\nunzip awscliv2.zip\nsudo ./aws/install\n\n# Start server\n#pm2 start npm --name \"app\" -- run start \n\n--==BOUNDARY==--",
            "template": "Content-Type: multipart/mixed; boundary=\"==BOUNDARY==\"\nMIME-Version: 1.0\n\n--==BOUNDARY==\nContent-Type: text/x-shellscript; charset=\"us-ascii\"\n#!/bin/bash\n\n# Install node\ncurl -fsSL https://deb.nodesource.com/setup_16.x | sudo -E bash - \u0026\u0026\\\nsudo apt-get install -y nodejs\n\n# Install git\nsudo apt-get install git\n\ncd /home/ubuntu/\n\n# Install Cloudwatch agent\nwget https://s3.amazonaws.com/amazoncloudwatch-agent/ubuntu/amd64/latest/amazon-cloudwatch-agent.deb\n\nsudo dpkg -i -E ./amazon-cloudwatch-agent.deb\n\n\n# Write Cloudwatch agent configuration file\nsudo chmod 777 /opt/aws/amazon-cloudwatch-agent/bin\nsudo cat \u003e\u003e /opt/aws/amazon-cloudwatch-agent/bin/config.json \u003c\u003cEOF\n{\n  \"agent\": {\n    \"run_as_user\": \"cwagent\"\n  },\n  \"logs\": {\n    \"logs_collected\": {\n      \"files\": {\n        \"collect_list\": [\n          {\n            \"file_path\": \"/home/ubuntu/EvacuationApp/components/server/logs/logs.log\",\n            \"log_group_name\": \"logs.log\",\n            \"log_stream_name\": \"{instance_id}\",\n            \"retention_in_days\": 14\n          }\n        ]\n      }\n    }\n  }\n}\nEOF\n\n# Start Cloudwatch agent\nsudo /opt/aws/amazon-cloudwatch-agent/bin/amazon-cloudwatch-agent-ctl -a fetch-config -m ec2 -s -c file:/opt/aws/amazon-cloudwatch-agent/bin/config.json\n\n# Install codedeploy agent\nsudo apt-get update\nsudo apt-get install ruby-full -y\nsudo apt-get install wget\ncd /home/ubuntu\nwget https://aws-codedeploy-us-west-2.s3.us-west-2.amazonaws.com/latest/install\nchmod +x ./install\nsudo ./install auto \u003e /tmp/logfile\n\n# Install pm2\nsudo npm install pm2@latest -g\n\n# install aws cli\ncurl \"https://awscli.amazonaws.com/awscli-exe-linux-x86_64.zip\" -o \"awscliv2.zip\"\nunzip awscliv2.zip\nsudo ./aws/install\n\n# Start server\n#pm2 start npm --name \"app\" -- run start \n\n--==BOUNDARY==--",
            "vars": null
          },
          "sensitive_attributes": []
        }
      ]
    },
    {
      "module": "module.server",
      "mode": "managed",
      "type": "aws_cloudwatch_log_group",
      "name": "krc_ec2_log_group",
      "provider": "provider[\"registry.terraform.io/hashicorp/aws\"]",
      "instances": [
        {
          "schema_version": 0,
          "attributes": {
            "arn": "arn:aws:logs:us-west-2:727665411536:log-group:logs.log",
            "id": "logs.log",
            "kms_key_id": "",
            "name": "logs.log",
            "name_prefix": null,
            "retention_in_days": 0,
            "tags": {},
            "tags_all": {}
          },
          "sensitive_attributes": [],
          "private": "bnVsbA=="
        }
      ]
    },
    {
      "module": "module.server",
      "mode": "managed",
      "type": "aws_cloudwatch_log_metric_filter",
      "name": "krc_log_error_filter",
      "provider": "provider[\"registry.terraform.io/hashicorp/aws\"]",
      "instances": [
        {
          "schema_version": 0,
          "attributes": {
            "id": "LogErrorFilter",
            "log_group_name": "logs.log",
            "metric_transformation": [
              {
                "default_value": "",
                "dimensions": {},
                "name": "LogErrors",
                "namespace": "Errors",
                "unit": "None",
                "value": "1"
              }
            ],
            "name": "LogErrorFilter",
            "pattern": "err"
          },
          "sensitive_attributes": [],
          "private": "bnVsbA==",
          "dependencies": [
            "module.server.aws_cloudwatch_log_group.krc_ec2_log_group"
          ]
        }
      ]
    },
    {
      "module": "module.server",
      "mode": "managed",
      "type": "aws_cloudwatch_log_stream",
      "name": "krc_ec2_log_stream",
      "provider": "provider[\"registry.terraform.io/hashicorp/aws\"]",
      "instances": [
        {
          "schema_version": 0,
          "attributes": {
            "arn": "arn:aws:logs:us-west-2:727665411536:log-group:logs.log:log-stream:i-0a49a0b2abe922af6",
            "id": "i-0a49a0b2abe922af6",
            "log_group_name": "logs.log",
            "name": "i-0a49a0b2abe922af6"
          },
          "sensitive_attributes": [],
          "private": "bnVsbA==",
          "dependencies": [
            "module.server.aws_cloudwatch_log_group.krc_ec2_log_group",
            "module.server.aws_iam_instance_profile.ec2_krc_profile",
            "module.server.aws_iam_role.ec2_krc_iam_role",
            "module.server.aws_instance.backend",
            "module.server.aws_key_pair.tutorial_kp",
            "module.server.aws_security_group.backend_sg",
            "module.server.aws_subnet.public_subnet",
            "module.server.aws_vpc.evacuation_vpc",
            "module.server.data.aws_ami.ubuntu",
            "module.server.data.aws_availability_zones.available",
            "module.server.data.template_file.user_data"
          ]
        }
      ]
    },
    {
      "module": "module.server",
      "mode": "managed",
      "type": "aws_cloudwatch_metric_alarm",
      "name": "krc_ec2_cpu_alarm",
      "provider": "provider[\"registry.terraform.io/hashicorp/aws\"]",
      "instances": [
        {
          "schema_version": 1,
          "attributes": {
            "actions_enabled": true,
            "alarm_actions": [
              "arn:aws:sns:us-west-2:727665411536:default_cloudWatch_alarms_topic"
            ],
            "alarm_description": "This metric monitors ec2 cpu utilization",
            "alarm_name": "krc_ec2_cpu_alarm",
            "arn": "arn:aws:cloudwatch:us-west-2:727665411536:alarm:krc_ec2_cpu_alarm",
            "comparison_operator": "GreaterThanOrEqualToThreshold",
            "datapoints_to_alarm": 0,
            "dimensions": {},
            "evaluate_low_sample_count_percentiles": "",
            "evaluation_periods": 1,
            "extended_statistic": "",
            "id": "krc_ec2_cpu_alarm",
            "insufficient_data_actions": [],
            "metric_name": "CPUUtilization",
            "metric_query": [],
            "namespace": "AWS/EC2",
            "ok_actions": [],
            "period": 60,
            "statistic": "Average",
            "tags": {},
            "tags_all": {},
            "threshold": 80,
            "threshold_metric_id": "",
            "treat_missing_data": "missing",
            "unit": ""
          },
          "sensitive_attributes": [],
          "private": "eyJzY2hlbWFfdmVyc2lvbiI6IjEifQ==",
          "dependencies": [
            "module.server.aws_sns_topic.default_cloudWatch_alarms_topic"
          ]
        }
      ]
    },
    {
      "module": "module.server",
      "mode": "managed",
      "type": "aws_cloudwatch_metric_alarm",
      "name": "krc_logs_errors_alarm",
      "provider": "provider[\"registry.terraform.io/hashicorp/aws\"]",
      "instances": [
        {
          "schema_version": 1,
          "attributes": {
            "actions_enabled": true,
            "alarm_actions": [
              "arn:aws:sns:us-west-2:727665411536:default_cloudWatch_alarms_topic"
            ],
            "alarm_description": "This metric ec2 logs for errors",
            "alarm_name": "krc_log_errors_alarm",
            "arn": "arn:aws:cloudwatch:us-west-2:727665411536:alarm:krc_log_errors_alarm",
            "comparison_operator": "GreaterThanOrEqualToThreshold",
            "datapoints_to_alarm": 0,
            "dimensions": {},
            "evaluate_low_sample_count_percentiles": "",
            "evaluation_periods": 1,
            "extended_statistic": "",
            "id": "krc_log_errors_alarm",
            "insufficient_data_actions": [],
            "metric_name": "LogErrors",
            "metric_query": [],
            "namespace": "Errors",
            "ok_actions": [],
            "period": 60,
            "statistic": "Sum",
            "tags": {},
            "tags_all": {},
            "threshold": 10,
            "threshold_metric_id": "",
            "treat_missing_data": "missing",
            "unit": ""
          },
          "sensitive_attributes": [],
          "private": "eyJzY2hlbWFfdmVyc2lvbiI6IjEifQ==",
          "dependencies": [
            "module.server.aws_cloudwatch_log_group.krc_ec2_log_group",
            "module.server.aws_cloudwatch_log_metric_filter.krc_log_error_filter",
            "module.server.aws_sns_topic.default_cloudWatch_alarms_topic"
          ]
        }
      ]
    },
    {
      "module": "module.server",
      "mode": "managed",
      "type": "aws_db_instance",
      "name": "database",
      "provider": "provider[\"registry.terraform.io/hashicorp/aws\"]",
      "instances": [
        {
          "schema_version": 1,
          "attributes": {
            "address": "terraform-20230326214308005700000001.cuqkqrznet0x.us-west-2.rds.amazonaws.com",
            "allocated_storage": 20,
            "allow_major_version_upgrade": null,
            "apply_immediately": null,
            "arn": "arn:aws:rds:us-west-2:727665411536:db:terraform-20230326214308005700000001",
            "auto_minor_version_upgrade": true,
            "availability_zone": "us-west-2a",
            "backup_retention_period": 0,
            "backup_window": "09:33-10:03",
            "ca_cert_identifier": "rds-ca-2019",
            "character_set_name": "",
            "copy_tags_to_snapshot": false,
            "customer_owned_ip_enabled": false,
            "db_name": "evacuation",
            "db_subnet_group_name": "db_subnet_group",
            "delete_automated_backups": true,
            "deletion_protection": false,
            "domain": "",
            "domain_iam_role_name": "",
            "enabled_cloudwatch_logs_exports": null,
            "endpoint": "terraform-20230326214308005700000001.cuqkqrznet0x.us-west-2.rds.amazonaws.com:5432",
            "engine": "postgres",
            "engine_version": "13",
            "engine_version_actual": "13.9",
            "final_snapshot_identifier": null,
            "hosted_zone_id": "Z1PVIF0B656C1W",
            "iam_database_authentication_enabled": false,
            "id": "terraform-20230326214308005700000001",
            "identifier": "terraform-20230326214308005700000001",
            "identifier_prefix": "terraform-",
            "instance_class": "db.t3.micro",
            "iops": 0,
            "kms_key_id": "",
            "latest_restorable_time": "0001-01-01T00:00:00Z",
            "license_model": "postgresql-license",
            "maintenance_window": "sat:08:04-sat:08:34",
            "max_allocated_storage": 0,
            "monitoring_interval": 0,
            "monitoring_role_arn": "",
            "multi_az": false,
            "name": "evacuation",
            "nchar_character_set_name": "",
            "option_group_name": "default:postgres-13",
            "parameter_group_name": "default.postgres13",
            "password": "password",
            "performance_insights_enabled": false,
            "performance_insights_kms_key_id": "",
            "performance_insights_retention_period": 0,
            "port": 5432,
            "publicly_accessible": false,
            "replica_mode": "",
            "replicas": [],
            "replicate_source_db": "",
            "resource_id": "db-BAL6FKZFP3RKMPKAQ64NLI4T6Y",
            "restore_to_point_in_time": [],
            "s3_import": [],
            "security_group_names": null,
            "skip_final_snapshot": true,
            "snapshot_identifier": null,
            "status": "available",
            "storage_encrypted": false,
            "storage_type": "gp2",
            "tags": null,
            "tags_all": {},
            "timeouts": null,
            "timezone": "",
            "username": "username",
            "vpc_security_group_ids": [
              "sg-065e12514c9ca5dcb"
            ]
          },
          "sensitive_attributes": [],
          "private": "eyJlMmJmYjczMC1lY2FhLTExZTYtOGY4OC0zNDM2M2JjN2M0YzAiOnsiY3JlYXRlIjoyNDAwMDAwMDAwMDAwLCJkZWxldGUiOjM2MDAwMDAwMDAwMDAsInVwZGF0ZSI6NDgwMDAwMDAwMDAwMH0sInNjaGVtYV92ZXJzaW9uIjoiMSJ9",
          "dependencies": [
            "module.server.aws_db_subnet_group.db_subnet_group",
            "module.server.aws_security_group.backend_sg",
            "module.server.aws_security_group.db_sg",
            "module.server.aws_subnet.private_subnet",
            "module.server.aws_vpc.evacuation_vpc",
            "module.server.data.aws_availability_zones.available"
          ]
        }
      ]
    },
    {
      "module": "module.server",
      "mode": "managed",
      "type": "aws_db_subnet_group",
      "name": "db_subnet_group",
      "provider": "provider[\"registry.terraform.io/hashicorp/aws\"]",
      "instances": [
        {
          "schema_version": 0,
          "attributes": {
            "arn": "arn:aws:rds:us-west-2:727665411536:subgrp:db_subnet_group",
            "description": "DB subnet group",
            "id": "db_subnet_group",
            "name": "db_subnet_group",
            "name_prefix": null,
            "subnet_ids": [
              "subnet-0117cef7c8d86363e",
              "subnet-0ef8eadb6985c56ba"
            ],
            "tags": null,
            "tags_all": {}
          },
          "sensitive_attributes": [],
          "private": "bnVsbA==",
          "dependencies": [
            "module.server.aws_subnet.private_subnet",
            "module.server.aws_vpc.evacuation_vpc",
            "module.server.data.aws_availability_zones.available"
          ]
        }
      ]
    },
    {
      "module": "module.server",
      "mode": "managed",
      "type": "aws_eip",
      "name": "backend_eip",
      "provider": "provider[\"registry.terraform.io/hashicorp/aws\"]",
      "instances": [
        {
          "index_key": 0,
          "schema_version": 0,
          "attributes": {
            "address": null,
            "allocation_id": "eipalloc-0528b67830f729ccf",
            "associate_with_private_ip": null,
            "association_id": "eipassoc-002fb1431c6c71e23",
            "carrier_ip": "",
            "customer_owned_ip": "",
            "customer_owned_ipv4_pool": "",
            "domain": "vpc",
            "id": "eipalloc-0528b67830f729ccf",
            "instance": "i-0a49a0b2abe922af6",
            "network_border_group": "us-west-2",
            "network_interface": "eni-043f80e54a3c1ac1a",
            "private_dns": "ip-10-0-1-143.us-west-2.compute.internal",
            "private_ip": "10.0.1.143",
            "public_dns": "ec2-52-42-98-231.us-west-2.compute.amazonaws.com",
            "public_ip": "52.42.98.231",
            "public_ipv4_pool": "amazon",
            "tags": {
              "Name": "backend_eip_0"
            },
            "tags_all": {
              "Name": "backend_eip_0"
            },
            "timeouts": null,
            "vpc": true
          },
          "sensitive_attributes": [],
          "private": "eyJlMmJmYjczMC1lY2FhLTExZTYtOGY4OC0zNDM2M2JjN2M0YzAiOnsiZGVsZXRlIjoxODAwMDAwMDAwMDAsInJlYWQiOjkwMDAwMDAwMDAwMCwidXBkYXRlIjozMDAwMDAwMDAwMDB9fQ==",
          "dependencies": [
            "module.server.aws_iam_instance_profile.ec2_krc_profile",
            "module.server.aws_iam_role.ec2_krc_iam_role",
            "module.server.aws_instance.backend",
            "module.server.aws_key_pair.tutorial_kp",
            "module.server.aws_security_group.backend_sg",
            "module.server.aws_subnet.public_subnet",
            "module.server.aws_vpc.evacuation_vpc",
            "module.server.data.aws_ami.ubuntu",
            "module.server.data.aws_availability_zones.available",
            "module.server.data.template_file.user_data"
          ]
        }
      ]
    },
    {
      "module": "module.server",
      "mode": "managed",
      "type": "aws_iam_instance_profile",
      "name": "ec2_krc_profile",
      "provider": "provider[\"registry.terraform.io/hashicorp/aws\"]",
      "instances": [
        {
          "schema_version": 0,
          "attributes": {
            "arn": "arn:aws:iam::727665411536:instance-profile/ec2_profile_krc",
            "create_date": "2023-03-26T21:41:04Z",
            "id": "ec2_profile_krc",
            "name": "ec2_profile_krc",
            "name_prefix": null,
            "path": "/",
            "role": "Ec2ServerRoleKrc",
            "tags": {},
            "tags_all": {},
            "unique_id": "AIPA2S3B5AXIDTTWX7E4X"
          },
          "sensitive_attributes": [],
          "private": "bnVsbA==",
          "dependencies": [
            "module.server.aws_iam_role.ec2_krc_iam_role"
          ]
        }
      ]
    },
    {
      "module": "module.server",
      "mode": "managed",
      "type": "aws_iam_policy",
      "name": "ec2_krc_iam_policy",
      "provider": "provider[\"registry.terraform.io/hashicorp/aws\"]",
      "instances": [
        {
          "schema_version": 0,
          "attributes": {
            "arn": "arn:aws:iam::727665411536:policy/Ec2IamPolicyKrc",
            "description": "access to cloudwatch, s3",
            "id": "arn:aws:iam::727665411536:policy/Ec2IamPolicyKrc",
            "name": "Ec2IamPolicyKrc",
            "name_prefix": null,
            "path": "/",
            "policy": "{\"Statement\":[{\"Action\":[\"logs:PutLogEvents\",\"logs:DescribeLogStreams\",\"logs:DescribeLogGroups\",\"logs:CreateLogStream\",\"logs:CreateLogGroup\",\"ec2:DescribeVolumes\",\"ec2:DescribeTags\",\"cloudwatch:PutMetricData\"],\"Effect\":\"Allow\",\"Resource\":\"*\",\"Sid\":\"\"},{\"Action\":\"ssm:GetParameter\",\"Effect\":\"Allow\",\"Resource\":\"arn:aws:ssm:*:*:parameter/AmazonCloudWatch-*\",\"Sid\":\"allowListBucket\"},{\"Action\":[\"s3:*\",\"s3-object-lambda:*\"],\"Effect\":\"Allow\",\"Resource\":\"*\",\"Sid\":\"\"}],\"Version\":\"2012-10-17\"}",
            "policy_id": "ANPA2S3B5AXIHW7WFRHYG",
            "tags": {},
            "tags_all": {}
          },
          "sensitive_attributes": [],
          "private": "bnVsbA==",
          "dependencies": [
            "module.server.data.aws_iam_policy_document.ec2_krc_iam_policy_document"
          ]
        }
      ]
    },
    {
      "module": "module.server",
      "mode": "managed",
      "type": "aws_iam_role",
      "name": "ec2_krc_iam_role",
      "provider": "provider[\"registry.terraform.io/hashicorp/aws\"]",
      "instances": [
        {
          "schema_version": 0,
          "attributes": {
            "arn": "arn:aws:iam::727665411536:role/Ec2ServerRoleKrc",
            "assume_role_policy": "{\"Version\":\"2012-10-17\",\"Statement\":[{\"Sid\":\"\",\"Effect\":\"Allow\",\"Principal\":{\"Service\":\"ec2.amazonaws.com\"},\"Action\":\"sts:AssumeRole\"}]}",
            "create_date": "2023-03-26T21:41:02Z",
            "description": "access to cloudwatch, s3",
            "force_detach_policies": false,
            "id": "Ec2ServerRoleKrc",
            "inline_policy": [
              {
                "name": "",
                "policy": ""
              }
            ],
            "managed_policy_arns": [
              "arn:aws:iam::727665411536:policy/Ec2IamPolicyKrc"
            ],
            "max_session_duration": 3600,
            "name": "Ec2ServerRoleKrc",
            "name_prefix": "",
            "path": "/",
            "permissions_boundary": null,
            "tags": {},
            "tags_all": {},
            "unique_id": "AROA2S3B5AXICK5PZWWUW"
          },
          "sensitive_attributes": [],
          "private": "bnVsbA=="
        }
      ]
    },
    {
      "module": "module.server",
      "mode": "managed",
      "type": "aws_iam_role_policy_attachment",
      "name": "ec2_krc_iam_role_policy_attachment",
      "provider": "provider[\"registry.terraform.io/hashicorp/aws\"]",
      "instances": [
        {
          "schema_version": 0,
          "attributes": {
            "id": "Ec2ServerRoleKrc-20230326214104352300000004",
            "policy_arn": "arn:aws:iam::727665411536:policy/Ec2IamPolicyKrc",
            "role": "Ec2ServerRoleKrc"
          },
          "sensitive_attributes": [],
          "private": "bnVsbA==",
          "dependencies": [
            "module.server.aws_iam_policy.ec2_krc_iam_policy",
            "module.server.aws_iam_role.ec2_krc_iam_role",
            "module.server.data.aws_iam_policy_document.ec2_krc_iam_policy_document"
          ]
        }
      ]
    },
    {
      "module": "module.server",
      "mode": "managed",
      "type": "aws_instance",
      "name": "backend",
      "provider": "provider[\"registry.terraform.io/hashicorp/aws\"]",
      "instances": [
        {
          "index_key": 0,
          "schema_version": 1,
          "attributes": {
            "ami": "ami-07f3835078238cf5f",
            "arn": "arn:aws:ec2:us-west-2:727665411536:instance/i-0a49a0b2abe922af6",
            "associate_public_ip_address": true,
            "availability_zone": "us-west-2a",
            "capacity_reservation_specification": [
              {
                "capacity_reservation_preference": "open",
                "capacity_reservation_target": []
              }
            ],
            "cpu_core_count": 1,
            "cpu_threads_per_core": 1,
            "credit_specification": [
              {
                "cpu_credits": "standard"
              }
            ],
            "disable_api_termination": false,
            "ebs_block_device": [],
            "ebs_optimized": false,
            "enclave_options": [
              {
                "enabled": false
              }
            ],
            "ephemeral_block_device": [],
            "get_password_data": false,
            "hibernation": false,
            "host_id": null,
            "iam_instance_profile": "ec2_profile_krc",
            "id": "i-0a49a0b2abe922af6",
            "instance_initiated_shutdown_behavior": "stop",
            "instance_state": "running",
            "instance_type": "t2.micro",
            "ipv6_address_count": 0,
            "ipv6_addresses": [],
            "key_name": "tutorial_kp",
            "launch_template": [],
            "metadata_options": [
              {
                "http_endpoint": "enabled",
                "http_put_response_hop_limit": 1,
                "http_tokens": "optional",
                "instance_metadata_tags": "disabled"
              }
            ],
            "monitoring": false,
            "network_interface": [],
            "outpost_arn": "",
            "password_data": "",
            "placement_group": "",
            "placement_partition_number": null,
            "primary_network_interface_id": "eni-043f80e54a3c1ac1a",
            "private_dns": "ip-10-0-1-143.us-west-2.compute.internal",
            "private_ip": "10.0.1.143",
            "public_dns": "ec2-52-42-98-231.us-west-2.compute.amazonaws.com",
            "public_ip": "52.42.98.231",
            "root_block_device": [
              {
                "delete_on_termination": true,
                "device_name": "/dev/sda1",
                "encrypted": false,
                "iops": 100,
                "kms_key_id": "",
                "tags": {},
                "throughput": 0,
                "volume_id": "vol-034621b905d4b02c8",
                "volume_size": 8,
                "volume_type": "gp2"
              }
            ],
            "secondary_private_ips": [],
            "security_groups": [],
            "source_dest_check": true,
            "subnet_id": "subnet-0b9b3ab325d9c5a8b",
            "tags": {
              "Name": "backend_0"
            },
            "tags_all": {
              "Name": "backend_0"
            },
            "tenancy": "default",
            "timeouts": null,
            "user_data": "b0abbc3dcac41d86be3d618c87ef372e32cb0366",
            "user_data_base64": null,
            "volume_tags": null,
            "vpc_security_group_ids": [
              "sg-0f75a249cc3c1ba88"
            ]
          },
          "sensitive_attributes": [],
          "private": "eyJlMmJmYjczMC1lY2FhLTExZTYtOGY4OC0zNDM2M2JjN2M0YzAiOnsiY3JlYXRlIjo2MDAwMDAwMDAwMDAsImRlbGV0ZSI6MTIwMDAwMDAwMDAwMCwidXBkYXRlIjo2MDAwMDAwMDAwMDB9LCJzY2hlbWFfdmVyc2lvbiI6IjEifQ==",
          "dependencies": [
            "module.server.aws_iam_instance_profile.ec2_krc_profile",
            "module.server.aws_iam_role.ec2_krc_iam_role",
            "module.server.aws_key_pair.tutorial_kp",
            "module.server.aws_security_group.backend_sg",
            "module.server.aws_subnet.public_subnet",
            "module.server.aws_vpc.evacuation_vpc",
            "module.server.data.aws_ami.ubuntu",
            "module.server.data.aws_availability_zones.available",
            "module.server.data.template_file.user_data"
          ]
        }
      ]
    },
    {
      "module": "module.server",
      "mode": "managed",
      "type": "aws_internet_gateway",
      "name": "evacuation_igw",
      "provider": "provider[\"registry.terraform.io/hashicorp/aws\"]",
      "instances": [
        {
          "schema_version": 0,
          "attributes": {
            "arn": "arn:aws:ec2:us-west-2:727665411536:internet-gateway/igw-0298720c726b16291",
            "id": "igw-0298720c726b16291",
            "owner_id": "727665411536",
            "tags": {
              "Name": "evacuation_igw"
            },
            "tags_all": {
              "Name": "evacuation_igw"
            },
            "vpc_id": "vpc-0bdc839f1b3edc2a4"
          },
          "sensitive_attributes": [],
          "private": "bnVsbA==",
          "dependencies": [
            "module.server.aws_vpc.evacuation_vpc"
          ]
        }
      ]
    },
    {
      "module": "module.server",
      "mode": "managed",
      "type": "aws_key_pair",
      "name": "tutorial_kp",
      "provider": "provider[\"registry.terraform.io/hashicorp/aws\"]",
      "instances": [
        {
          "schema_version": 1,
          "attributes": {
            "arn": "arn:aws:ec2:us-west-2:727665411536:key-pair/tutorial_kp",
            "fingerprint": "c8:54:71:92:3d:fb:de:db:70:55:85:a4:43:ea:f3:5f",
            "id": "tutorial_kp",
            "key_name": "tutorial_kp",
            "key_name_prefix": "",
            "key_pair_id": "key-0765f9511bf43f555",
            "public_key": "ssh-rsa AAAAB3NzaC1yc2EAAAADAQABAAACAQCdQiTYBvP8WAuY2p7gXLMFFYtQiG3ijfvDapKmXexQ6L9rqTGUP3iiAVP92cnVqEkxFcTQOJ7ezTIU1hdDhXsDwbhBfUJva8XyRJrErxfc9OcS5gVrLL72q5gHX41KcvjD1YDPTHtufAn/tLNG5yRVRMGZl/Ks67POqISPE5CWOZNRRjr8KlRUBMFlwWbWAdGK44HiFFsIv2yeTNxVdu7DR5sa3ko3+XHbDIKI0RVp3KxHNLt4uxzVAsJ8FodYepgDqL4oljquB7C5cub8VANBNaykJRv+rOdvqEKJSW8YGv1WAvEqZYH5+iSEqfI1dPwhT6pdsBzG0SyjXymLq3cp4CEq4TbzOXD3gqSBzD19bzvCGEByOk4JKrMh/eWLu6T/LVSxs/EbW+z8ZwMsnu0L4mC9hhBeh6kFfUM3IepboBRte/v6aNdPt9CR0koIUiDVKrwnuBFUNXdte0fwAGAp9gzNSoqmh+UzxM81R5MPnvLtqpKFQbDJJmq5bfHi6dHKIw4lB58S2qAdGWWnyTzsvQKExxJxOaSk2BzSRZJmTBKHaMykfdGYFKiT0afSUMyYYfJZsW1NX3/HhWcpKo1NhUDOTNyWMY4BWnFOnxZGygGFhjZYaOTD8Apx1E3ia36zYdF0h2d1EFFHwcQ/ulXYIheES1J2ePzQOezeGK2m4Q== isaacparsons@MacBook-Pro-8.local",
            "tags": {},
            "tags_all": {}
          },
          "sensitive_attributes": [],
          "private": "eyJzY2hlbWFfdmVyc2lvbiI6IjEifQ=="
        }
      ]
    },
    {
      "module": "module.server",
      "mode": "managed",
      "type": "aws_route_table",
      "name": "private_rt",
      "provider": "provider[\"registry.terraform.io/hashicorp/aws\"]",
      "instances": [
        {
          "schema_version": 0,
          "attributes": {
            "arn": "arn:aws:ec2:us-west-2:727665411536:route-table/rtb-0228c1c5846819218",
            "id": "rtb-0228c1c5846819218",
            "owner_id": "727665411536",
            "propagating_vgws": [],
            "route": [],
            "tags": {},
            "tags_all": {},
            "timeouts": null,
            "vpc_id": "vpc-0bdc839f1b3edc2a4"
          },
          "sensitive_attributes": [],
          "private": "eyJlMmJmYjczMC1lY2FhLTExZTYtOGY4OC0zNDM2M2JjN2M0YzAiOnsiY3JlYXRlIjozMDAwMDAwMDAwMDAsImRlbGV0ZSI6MzAwMDAwMDAwMDAwLCJ1cGRhdGUiOjEyMDAwMDAwMDAwMH19",
          "dependencies": [
            "module.server.aws_vpc.evacuation_vpc"
          ]
        }
      ]
    },
    {
      "module": "module.server",
      "mode": "managed",
      "type": "aws_route_table",
      "name": "public_rt",
      "provider": "provider[\"registry.terraform.io/hashicorp/aws\"]",
      "instances": [
        {
          "schema_version": 0,
          "attributes": {
            "arn": "arn:aws:ec2:us-west-2:727665411536:route-table/rtb-0ec4a28510031e02b",
            "id": "rtb-0ec4a28510031e02b",
            "owner_id": "727665411536",
            "propagating_vgws": [],
            "route": [
              {
                "carrier_gateway_id": "",
                "cidr_block": "0.0.0.0/0",
                "destination_prefix_list_id": "",
                "egress_only_gateway_id": "",
                "gateway_id": "igw-0298720c726b16291",
                "instance_id": "",
                "ipv6_cidr_block": "",
                "local_gateway_id": "",
                "nat_gateway_id": "",
                "network_interface_id": "",
                "transit_gateway_id": "",
                "vpc_endpoint_id": "",
                "vpc_peering_connection_id": ""
              }
            ],
            "tags": {},
            "tags_all": {},
            "timeouts": null,
            "vpc_id": "vpc-0bdc839f1b3edc2a4"
          },
          "sensitive_attributes": [],
          "private": "eyJlMmJmYjczMC1lY2FhLTExZTYtOGY4OC0zNDM2M2JjN2M0YzAiOnsiY3JlYXRlIjozMDAwMDAwMDAwMDAsImRlbGV0ZSI6MzAwMDAwMDAwMDAwLCJ1cGRhdGUiOjEyMDAwMDAwMDAwMH19",
          "dependencies": [
            "module.server.aws_internet_gateway.evacuation_igw",
            "module.server.aws_vpc.evacuation_vpc"
          ]
        }
      ]
    },
    {
      "module": "module.server",
      "mode": "managed",
      "type": "aws_route_table_association",
      "name": "private",
      "provider": "provider[\"registry.terraform.io/hashicorp/aws\"]",
      "instances": [
        {
          "index_key": 0,
          "schema_version": 0,
          "attributes": {
            "gateway_id": "",
            "id": "rtbassoc-0ace65c496870becd",
            "route_table_id": "rtb-0228c1c5846819218",
            "subnet_id": "subnet-0ef8eadb6985c56ba"
          },
          "sensitive_attributes": [],
          "private": "bnVsbA==",
          "dependencies": [
            "module.server.aws_route_table.private_rt",
            "module.server.aws_subnet.private_subnet",
            "module.server.aws_vpc.evacuation_vpc",
            "module.server.data.aws_availability_zones.available"
          ]
        },
        {
          "index_key": 1,
          "schema_version": 0,
          "attributes": {
            "gateway_id": "",
            "id": "rtbassoc-0f34bfb38c976f735",
            "route_table_id": "rtb-0228c1c5846819218",
            "subnet_id": "subnet-0117cef7c8d86363e"
          },
          "sensitive_attributes": [],
          "private": "bnVsbA==",
          "dependencies": [
            "module.server.aws_route_table.private_rt",
            "module.server.aws_subnet.private_subnet",
            "module.server.aws_vpc.evacuation_vpc",
            "module.server.data.aws_availability_zones.available"
          ]
        }
      ]
    },
    {
      "module": "module.server",
      "mode": "managed",
      "type": "aws_route_table_association",
      "name": "public",
      "provider": "provider[\"registry.terraform.io/hashicorp/aws\"]",
      "instances": [
        {
          "index_key": 0,
          "schema_version": 0,
          "attributes": {
            "gateway_id": "",
            "id": "rtbassoc-00da12b7212248863",
            "route_table_id": "rtb-0ec4a28510031e02b",
            "subnet_id": "subnet-0b9b3ab325d9c5a8b"
          },
          "sensitive_attributes": [],
          "private": "bnVsbA==",
          "dependencies": [
            "module.server.aws_internet_gateway.evacuation_igw",
            "module.server.aws_route_table.public_rt",
            "module.server.aws_subnet.public_subnet",
            "module.server.aws_vpc.evacuation_vpc",
            "module.server.data.aws_availability_zones.available"
          ]
        }
      ]
    },
    {
      "module": "module.server",
      "mode": "managed",
      "type": "aws_security_group",
      "name": "backend_sg",
      "provider": "provider[\"registry.terraform.io/hashicorp/aws\"]",
      "instances": [
        {
          "schema_version": 1,
          "attributes": {
            "arn": "arn:aws:ec2:us-west-2:727665411536:security-group/sg-0f75a249cc3c1ba88",
            "description": "Security group for backend web servers",
            "egress": [
              {
                "cidr_blocks": [
                  "0.0.0.0/0"
                ],
                "description": "Allow all outbound traffic",
                "from_port": 0,
                "ipv6_cidr_blocks": [],
                "prefix_list_ids": [],
                "protocol": "-1",
                "security_groups": [],
                "self": false,
                "to_port": 0
              }
            ],
            "id": "sg-0f75a249cc3c1ba88",
            "ingress": [
              {
                "cidr_blocks": [
                  "0.0.0.0/0"
                ],
                "description": "Allow all traffic through HTTP to port 3000",
                "from_port": 3000,
                "ipv6_cidr_blocks": [],
                "prefix_list_ids": [],
                "protocol": "tcp",
                "security_groups": [],
                "self": false,
                "to_port": 3000
              },
              {
                "cidr_blocks": [
                  "0.0.0.0/0"
                ],
                "description": "Allow all traffic through HTTP to port 4000",
                "from_port": 4000,
                "ipv6_cidr_blocks": [],
                "prefix_list_ids": [],
                "protocol": "tcp",
                "security_groups": [],
                "self": false,
                "to_port": 4000
              },
              {
                "cidr_blocks": [
                  "0.0.0.0/0"
                ],
                "description": "Allow all traffic through HTTP",
                "from_port": 80,
                "ipv6_cidr_blocks": [],
                "prefix_list_ids": [],
                "protocol": "tcp",
                "security_groups": [],
                "self": false,
                "to_port": 80
              },
              {
                "cidr_blocks": [
                  "0.0.0.0/0"
                ],
                "description": "Allow all traffic through HTTPs",
                "from_port": 443,
                "ipv6_cidr_blocks": [],
                "prefix_list_ids": [],
                "protocol": "tcp",
                "security_groups": [],
                "self": false,
                "to_port": 443
              },
              {
                "cidr_blocks": [
                  "184.64.114.95/32"
                ],
                "description": "Allow SSH from my computer",
                "from_port": 22,
                "ipv6_cidr_blocks": [],
                "prefix_list_ids": [],
                "protocol": "tcp",
                "security_groups": [],
                "self": false,
                "to_port": 22
              },
              {
                "cidr_blocks": [
                  "75.155.25.250/32"
                ],
                "description": "Allow SSH from my computer",
                "from_port": 22,
                "ipv6_cidr_blocks": [],
                "prefix_list_ids": [],
                "protocol": "tcp",
                "security_groups": [],
                "self": false,
                "to_port": 22
              }
            ],
            "name": "backend_sg",
            "name_prefix": "",
            "owner_id": "727665411536",
            "revoke_rules_on_delete": false,
            "tags": {
              "Name": "backend_sg"
            },
            "tags_all": {
              "Name": "backend_sg"
            },
            "timeouts": null,
            "vpc_id": "vpc-0bdc839f1b3edc2a4"
          },
          "sensitive_attributes": [],
          "private": "eyJlMmJmYjczMC1lY2FhLTExZTYtOGY4OC0zNDM2M2JjN2M0YzAiOnsiY3JlYXRlIjo2MDAwMDAwMDAwMDAsImRlbGV0ZSI6OTAwMDAwMDAwMDAwfSwic2NoZW1hX3ZlcnNpb24iOiIxIn0=",
          "dependencies": [
            "module.server.aws_vpc.evacuation_vpc"
          ]
        }
      ]
    },
    {
      "module": "module.server",
      "mode": "managed",
      "type": "aws_security_group",
      "name": "db_sg",
      "provider": "provider[\"registry.terraform.io/hashicorp/aws\"]",
      "instances": [
        {
          "schema_version": 1,
          "attributes": {
            "arn": "arn:aws:ec2:us-west-2:727665411536:security-group/sg-065e12514c9ca5dcb",
            "description": "Security group for databases",
            "egress": [],
            "id": "sg-065e12514c9ca5dcb",
            "ingress": [
              {
                "cidr_blocks": [],
                "description": "Allow Postgres traffic from only the backend sg",
                "from_port": 5432,
                "ipv6_cidr_blocks": [],
                "prefix_list_ids": [],
                "protocol": "tcp",
                "security_groups": [
                  "sg-0f75a249cc3c1ba88"
                ],
                "self": false,
                "to_port": 5432
              }
            ],
            "name": "db_sg",
            "name_prefix": "",
            "owner_id": "727665411536",
            "revoke_rules_on_delete": false,
            "tags": {
              "Name": "db_sg"
            },
            "tags_all": {
              "Name": "db_sg"
            },
            "timeouts": null,
            "vpc_id": "vpc-0bdc839f1b3edc2a4"
          },
          "sensitive_attributes": [],
          "private": "eyJlMmJmYjczMC1lY2FhLTExZTYtOGY4OC0zNDM2M2JjN2M0YzAiOnsiY3JlYXRlIjo2MDAwMDAwMDAwMDAsImRlbGV0ZSI6OTAwMDAwMDAwMDAwfSwic2NoZW1hX3ZlcnNpb24iOiIxIn0=",
          "dependencies": [
            "module.server.aws_security_group.backend_sg",
            "module.server.aws_vpc.evacuation_vpc"
          ]
        }
      ]
    },
    {
      "module": "module.server",
      "mode": "managed",
      "type": "aws_sns_topic",
      "name": "default_cloudWatch_alarms_topic",
      "provider": "provider[\"registry.terraform.io/hashicorp/aws\"]",
      "instances": [
        {
          "schema_version": 0,
          "attributes": {
            "application_failure_feedback_role_arn": "",
            "application_success_feedback_role_arn": "",
            "application_success_feedback_sample_rate": 0,
            "arn": "arn:aws:sns:us-west-2:727665411536:default_cloudWatch_alarms_topic",
            "content_based_deduplication": false,
            "delivery_policy": "",
            "display_name": "",
            "fifo_topic": false,
            "firehose_failure_feedback_role_arn": "",
            "firehose_success_feedback_role_arn": "",
            "firehose_success_feedback_sample_rate": 0,
            "http_failure_feedback_role_arn": "",
            "http_success_feedback_role_arn": "",
            "http_success_feedback_sample_rate": 0,
            "id": "arn:aws:sns:us-west-2:727665411536:default_cloudWatch_alarms_topic",
            "kms_master_key_id": "",
            "lambda_failure_feedback_role_arn": "",
            "lambda_success_feedback_role_arn": "",
            "lambda_success_feedback_sample_rate": 0,
            "name": "default_cloudWatch_alarms_topic",
            "name_prefix": "",
            "owner": "727665411536",
            "policy": "{\"Version\":\"2008-10-17\",\"Id\":\"__default_policy_ID\",\"Statement\":[{\"Sid\":\"__default_statement_ID\",\"Effect\":\"Allow\",\"Principal\":{\"AWS\":\"*\"},\"Action\":[\"SNS:GetTopicAttributes\",\"SNS:SetTopicAttributes\",\"SNS:AddPermission\",\"SNS:RemovePermission\",\"SNS:DeleteTopic\",\"SNS:Subscribe\",\"SNS:ListSubscriptionsByTopic\",\"SNS:Publish\"],\"Resource\":\"arn:aws:sns:us-west-2:727665411536:default_cloudWatch_alarms_topic\",\"Condition\":{\"StringEquals\":{\"AWS:SourceOwner\":\"727665411536\"}}}]}",
            "sqs_failure_feedback_role_arn": "",
            "sqs_success_feedback_role_arn": "",
            "sqs_success_feedback_sample_rate": 0,
            "tags": {},
            "tags_all": {}
          },
          "sensitive_attributes": [],
          "private": "bnVsbA=="
        }
      ]
    },
    {
      "module": "module.server",
      "mode": "managed",
      "type": "aws_sns_topic_subscription",
      "name": "email-target",
      "provider": "provider[\"registry.terraform.io/hashicorp/aws\"]",
      "instances": [
        {
          "schema_version": 0,
          "attributes": {
            "arn": "arn:aws:sns:us-west-2:727665411536:default_cloudWatch_alarms_topic:6e93b53d-0ec0-456f-8686-96e6b9e93071",
            "confirmation_timeout_in_minutes": 1,
            "confirmation_was_authenticated": false,
            "delivery_policy": "",
            "endpoint": "isaac.2962@gmail.com",
            "endpoint_auto_confirms": false,
            "filter_policy": "",
            "id": "arn:aws:sns:us-west-2:727665411536:default_cloudWatch_alarms_topic:6e93b53d-0ec0-456f-8686-96e6b9e93071",
            "owner_id": "727665411536",
            "pending_confirmation": true,
            "protocol": "email",
            "raw_message_delivery": false,
            "redrive_policy": "",
            "subscription_role_arn": "",
            "topic_arn": "arn:aws:sns:us-west-2:727665411536:default_cloudWatch_alarms_topic"
          },
          "sensitive_attributes": [],
          "private": "bnVsbA==",
          "dependencies": [
            "module.server.aws_sns_topic.default_cloudWatch_alarms_topic"
          ]
        }
      ]
    },
    {
      "module": "module.server",
      "mode": "managed",
      "type": "aws_subnet",
      "name": "private_subnet",
      "provider": "provider[\"registry.terraform.io/hashicorp/aws\"]",
      "instances": [
        {
          "index_key": 0,
          "schema_version": 1,
          "attributes": {
            "arn": "arn:aws:ec2:us-west-2:727665411536:subnet/subnet-0ef8eadb6985c56ba",
            "assign_ipv6_address_on_creation": false,
            "availability_zone": "us-west-2a",
            "availability_zone_id": "usw2-az2",
            "cidr_block": "10.0.101.0/24",
            "customer_owned_ipv4_pool": "",
            "enable_dns64": false,
            "enable_resource_name_dns_a_record_on_launch": false,
            "enable_resource_name_dns_aaaa_record_on_launch": false,
            "id": "subnet-0ef8eadb6985c56ba",
            "ipv6_cidr_block": "",
            "ipv6_cidr_block_association_id": "",
            "ipv6_native": false,
            "map_customer_owned_ip_on_launch": false,
            "map_public_ip_on_launch": false,
            "outpost_arn": "",
            "owner_id": "727665411536",
            "private_dns_hostname_type_on_launch": "ip-name",
            "tags": {
              "Name": "private_subnet_0"
            },
            "tags_all": {
              "Name": "private_subnet_0"
            },
            "timeouts": null,
            "vpc_id": "vpc-0bdc839f1b3edc2a4"
          },
          "sensitive_attributes": [],
          "private": "eyJlMmJmYjczMC1lY2FhLTExZTYtOGY4OC0zNDM2M2JjN2M0YzAiOnsiY3JlYXRlIjo2MDAwMDAwMDAwMDAsImRlbGV0ZSI6MTIwMDAwMDAwMDAwMH0sInNjaGVtYV92ZXJzaW9uIjoiMSJ9",
          "dependencies": [
            "module.server.aws_vpc.evacuation_vpc",
            "module.server.data.aws_availability_zones.available"
          ]
        },
        {
          "index_key": 1,
          "schema_version": 1,
          "attributes": {
            "arn": "arn:aws:ec2:us-west-2:727665411536:subnet/subnet-0117cef7c8d86363e",
            "assign_ipv6_address_on_creation": false,
            "availability_zone": "us-west-2b",
            "availability_zone_id": "usw2-az1",
            "cidr_block": "10.0.102.0/24",
            "customer_owned_ipv4_pool": "",
            "enable_dns64": false,
            "enable_resource_name_dns_a_record_on_launch": false,
            "enable_resource_name_dns_aaaa_record_on_launch": false,
            "id": "subnet-0117cef7c8d86363e",
            "ipv6_cidr_block": "",
            "ipv6_cidr_block_association_id": "",
            "ipv6_native": false,
            "map_customer_owned_ip_on_launch": false,
            "map_public_ip_on_launch": false,
            "outpost_arn": "",
            "owner_id": "727665411536",
            "private_dns_hostname_type_on_launch": "ip-name",
            "tags": {
              "Name": "private_subnet_1"
            },
            "tags_all": {
              "Name": "private_subnet_1"
            },
            "timeouts": null,
            "vpc_id": "vpc-0bdc839f1b3edc2a4"
          },
          "sensitive_attributes": [],
          "private": "eyJlMmJmYjczMC1lY2FhLTExZTYtOGY4OC0zNDM2M2JjN2M0YzAiOnsiY3JlYXRlIjo2MDAwMDAwMDAwMDAsImRlbGV0ZSI6MTIwMDAwMDAwMDAwMH0sInNjaGVtYV92ZXJzaW9uIjoiMSJ9",
          "dependencies": [
            "module.server.aws_vpc.evacuation_vpc",
            "module.server.data.aws_availability_zones.available"
          ]
        }
      ]
    },
    {
      "module": "module.server",
      "mode": "managed",
      "type": "aws_subnet",
      "name": "public_subnet",
      "provider": "provider[\"registry.terraform.io/hashicorp/aws\"]",
      "instances": [
        {
          "index_key": 0,
          "schema_version": 1,
          "attributes": {
            "arn": "arn:aws:ec2:us-west-2:727665411536:subnet/subnet-0b9b3ab325d9c5a8b",
            "assign_ipv6_address_on_creation": false,
            "availability_zone": "us-west-2a",
            "availability_zone_id": "usw2-az2",
            "cidr_block": "10.0.1.0/24",
            "customer_owned_ipv4_pool": "",
            "enable_dns64": false,
            "enable_resource_name_dns_a_record_on_launch": false,
            "enable_resource_name_dns_aaaa_record_on_launch": false,
            "id": "subnet-0b9b3ab325d9c5a8b",
            "ipv6_cidr_block": "",
            "ipv6_cidr_block_association_id": "",
            "ipv6_native": false,
            "map_customer_owned_ip_on_launch": false,
            "map_public_ip_on_launch": false,
            "outpost_arn": "",
            "owner_id": "727665411536",
            "private_dns_hostname_type_on_launch": "ip-name",
            "tags": {
              "Name": "public_subnet_0"
            },
            "tags_all": {
              "Name": "public_subnet_0"
            },
            "timeouts": null,
            "vpc_id": "vpc-0bdc839f1b3edc2a4"
          },
          "sensitive_attributes": [],
          "private": "eyJlMmJmYjczMC1lY2FhLTExZTYtOGY4OC0zNDM2M2JjN2M0YzAiOnsiY3JlYXRlIjo2MDAwMDAwMDAwMDAsImRlbGV0ZSI6MTIwMDAwMDAwMDAwMH0sInNjaGVtYV92ZXJzaW9uIjoiMSJ9",
          "dependencies": [
            "module.server.aws_vpc.evacuation_vpc",
            "module.server.data.aws_availability_zones.available"
          ]
        }
      ]
    },
    {
      "module": "module.server",
      "mode": "managed",
      "type": "aws_vpc",
      "name": "evacuation_vpc",
      "provider": "provider[\"registry.terraform.io/hashicorp/aws\"]",
      "instances": [
        {
          "schema_version": 1,
          "attributes": {
            "arn": "arn:aws:ec2:us-west-2:727665411536:vpc/vpc-0bdc839f1b3edc2a4",
            "assign_generated_ipv6_cidr_block": false,
            "cidr_block": "10.0.0.0/16",
            "default_network_acl_id": "acl-0f4fccf68d1c5cdd0",
            "default_route_table_id": "rtb-041fbfa778694323c",
            "default_security_group_id": "sg-07a0874393aa9e367",
            "dhcp_options_id": "dopt-0d77bb330ac37db33",
            "enable_classiclink": false,
            "enable_classiclink_dns_support": false,
            "enable_dns_hostnames": true,
            "enable_dns_support": true,
            "id": "vpc-0bdc839f1b3edc2a4",
            "instance_tenancy": "default",
            "ipv4_ipam_pool_id": null,
            "ipv4_netmask_length": null,
            "ipv6_association_id": "",
            "ipv6_cidr_block": "",
            "ipv6_cidr_block_network_border_group": "",
            "ipv6_ipam_pool_id": "",
            "ipv6_netmask_length": 0,
            "main_route_table_id": "rtb-041fbfa778694323c",
            "owner_id": "727665411536",
            "tags": {
              "Name": "evacuation_vpc"
            },
            "tags_all": {
              "Name": "evacuation_vpc"
            }
          },
          "sensitive_attributes": [],
          "private": "eyJzY2hlbWFfdmVyc2lvbiI6IjEifQ=="
        }
      ]
    }
  ],
  "check_results": []
}
